// !$*UTF8*$!
{
	archiveVersion = 1;
	classes = {
	};
	objectVersion = 50;
	objects = {

/* Begin PBXBuildFile section */
		37652D26244902E0009F81DB /* AppDelegate.swift in Sources */ = {isa = PBXBuildFile; fileRef = 37652D25244902E0009F81DB /* AppDelegate.swift */; };
		37652D28244902E0009F81DB /* SceneDelegate.swift in Sources */ = {isa = PBXBuildFile; fileRef = 37652D27244902E0009F81DB /* SceneDelegate.swift */; };
		37652D2D244902E0009F81DB /* Main.storyboard in Resources */ = {isa = PBXBuildFile; fileRef = 37652D2B244902E0009F81DB /* Main.storyboard */; };
		37652D2F244902E2009F81DB /* Assets.xcassets in Resources */ = {isa = PBXBuildFile; fileRef = 37652D2E244902E2009F81DB /* Assets.xcassets */; };
		37652D32244902E2009F81DB /* LaunchScreen.storyboard in Resources */ = {isa = PBXBuildFile; fileRef = 37652D30244902E2009F81DB /* LaunchScreen.storyboard */; };
		37652D3A244905CB009F81DB /* AvanzadoTableViewController.swift in Sources */ = {isa = PBXBuildFile; fileRef = 37652D39244905CB009F81DB /* AvanzadoTableViewController.swift */; };
		37652D3C244905F4009F81DB /* Empleado.swift in Sources */ = {isa = PBXBuildFile; fileRef = 37652D3B244905F4009F81DB /* Empleado.swift */; };
/* End PBXBuildFile section */

/* Begin PBXFileReference section */
		37652D22244902E0009F81DB /* masTableViews_a01570056.app */ = {isa = PBXFileReference; explicitFileType = wrapper.application; includeInIndex = 0; path = masTableViews_a01570056.app; sourceTree = BUILT_PRODUCTS_DIR; };
		37652D25244902E0009F81DB /* AppDelegate.swift */ = {isa = PBXFileReference; lastKnownFileType = sourcecode.swift; path = AppDelegate.swift; sourceTree = "<group>"; };
		37652D27244902E0009F81DB /* SceneDelegate.swift */ = {isa = PBXFileReference; lastKnownFileType = sourcecode.swift; path = SceneDelegate.swift; sourceTree = "<group>"; };
		37652D2C244902E0009F81DB /* Base */ = {isa = PBXFileReference; lastKnownFileType = file.storyboard; name = Base; path = Base.lproj/Main.storyboard; sourceTree = "<group>"; };
		37652D2E244902E2009F81DB /* Assets.xcassets */ = {isa = PBXFileReference; lastKnownFileType = folder.assetcatalog; path = Assets.xcassets; sourceTree = "<group>"; };
		37652D31244902E2009F81DB /* Base */ = {isa = PBXFileReference; lastKnownFileType = file.storyboard; name = Base; path = Base.lproj/LaunchScreen.storyboard; sourceTree = "<group>"; };
		37652D33244902E2009F81DB /* Info.plist */ = {isa = PBXFileReference; lastKnownFileType = text.plist.xml; path = Info.plist; sourceTree = "<group>"; };
		37652D39244905CB009F81DB /* AvanzadoTableViewController.swift */ = {isa = PBXFileReference; lastKnownFileType = sourcecode.swift; path = AvanzadoTableViewController.swift; sourceTree = "<group>"; };
		37652D3B244905F4009F81DB /* Empleado.swift */ = {isa = PBXFileReference; lastKnownFileType = sourcecode.swift; path = Empleado.swift; sourceTree = "<group>"; };
/* End PBXFileReference section */

/* Begin PBXFrameworksBuildPhase section */
		37652D1F244902E0009F81DB /* Frameworks */ = {
			isa = PBXFrameworksBuildPhase;
			buildActionMask = 2147483647;
			files = (
			);
			runOnlyForDeploymentPostprocessing = 0;
		};
/* End PBXFrameworksBuildPhase section */

/* Begin PBXGroup section */
		37652D19244902E0009F81DB = {
			isa = PBXGroup;
			children = (
				37652D24244902E0009F81DB /* masTableViews_a01570056 */,
				37652D23244902E0009F81DB /* Products */,
			);
			sourceTree = "<group>";
		};
		37652D23244902E0009F81DB /* Products */ = {
			isa = PBXGroup;
			children = (
				37652D22244902E0009F81DB /* masTableViews_a01570056.app */,
			);
			name = Products;
			sourceTree = "<group>";
		};
		37652D24244902E0009F81DB /* masTableViews_a01570056 */ = {
			isa = PBXGroup;
			children = (
				37652D25244902E0009F81DB /* AppDelegate.swift */,
				37652D27244902E0009F81DB /* SceneDelegate.swift */,
				37652D2B244902E0009F81DB /* Main.storyboard */,
				37652D3B244905F4009F81DB /* Empleado.swift */,
				37652D39244905CB009F81DB /* AvanzadoTableViewController.swift */,
				37652D2E244902E2009F81DB /* Assets.xcassets */,
				37652D30244902E2009F81DB /* LaunchScreen.storyboard */,
				37652D33244902E2009F81DB /* Info.plist */,
			);
			path = masTableViews_a01570056;
			sourceTree = "<group>";
		};
/* End PBXGroup section */

/* Begin PBXNativeTarget section */
		37652D21244902E0009F81DB /* masTableViews_a01570056 */ = {
			isa = PBXNativeTarget;
			buildConfigurationList = 37652D36244902E2009F81DB /* Build configuration list for PBXNativeTarget "masTableViews_a01570056" */;
			buildPhases = (
				37652D1E244902E0009F81DB /* Sources */,
				37652D1F244902E0009F81DB /* Frameworks */,
				37652D20244902E0009F81DB /* Resources */,
			);
			buildRules = (
			);
			dependencies = (
			);
			name = masTableViews_a01570056;
			productName = masTableViews_a01570056;
			productReference = 37652D22244902E0009F81DB /* masTableViews_a01570056.app */;
			productType = "com.apple.product-type.application";
		};
/* End PBXNativeTarget section */

/* Begin PBXProject section */
		37652D1A244902E0009F81DB /* Project object */ = {
			isa = PBXProject;
			attributes = {
				LastSwiftUpdateCheck = 1130;
				LastUpgradeCheck = 1130;
				ORGANIZATIONNAME = Trinity;
				TargetAttributes = {
					37652D21244902E0009F81DB = {
						CreatedOnToolsVersion = 11.3.1;
					};
				};
			};
			buildConfigurationList = 37652D1D244902E0009F81DB /* Build configuration list for PBXProject "masTableViews_a01570056" */;
			compatibilityVersion = "Xcode 9.3";
			developmentRegion = en;
			hasScannedForEncodings = 0;
			knownRegions = (
				en,
				Base,
			);
			mainGroup = 37652D19244902E0009F81DB;
			productRefGroup = 37652D23244902E0009F81DB /* Products */;
			projectDirPath = "";
			projectRoot = "";
			targets = (
				37652D21244902E0009F81DB /* masTableViews_a01570056 */,
			);
		};
/* End PBXProject section */

/* Begin PBXResourcesBuildPhase section */
		37652D20244902E0009F81DB /* Resources */ = {
			isa = PBXResourcesBuildPhase;
			buildActionMask = 2147483647;
			files = (
				37652D32244902E2009F81DB /* LaunchScreen.storyboard in Resources */,
				37652D2F244902E2009F81DB /* Assets.xcassets in Resources */,
				37652D2D244902E0009F81DB /* Main.storyboard in Resources */,
			);
			runOnlyForDeploymentPostprocessing = 0;
		};
/* End PBXResourcesBuildPhase section */

/* Begin PBXSourcesBuildPhase section */
		37652D1E244902E0009F81DB /* Sources */ = {
			isa = PBXSourcesBuildPhase;
			buildActionMask = 2147483647;
			files = (
				37652D3C244905F4009F81DB /* Empleado.swift in Sources */,
				37652D3A244905CB009F81DB /* AvanzadoTableViewController.swift in Sources */,
				37652D26244902E0009F81DB /* AppDelegate.swift in Sources */,
				37652D28244902E0009F81DB /* SceneDelegate.swift in Sources */,
			);
			runOnlyForDeploymentPostprocessing = 0;
		};
/* End PBXSourcesBuildPhase section */

/* Begin PBXVariantGroup section */
		37652D2B244902E0009F81DB /* Main.storyboard */ = {
			isa = PBXVariantGroup;
			children = (
				37652D2C244902E0009F81DB /* Base */,
			);
			name = Main.storyboard;
			sourceTree = "<group>";
		};
		37652D30244902E2009F81DB /* LaunchScreen.storyboard */ = {
			isa = PBXVariantGroup;
			children = (
				37652D31244902E2009F81DB /* Base */,
			);
			name = LaunchScreen.storyboard;
			sourceTree = "<group>";
		};
/* End PBXVariantGroup section */

/* Begin XCBuildConfiguration section */
		37652D34244902E2009F81DB /* Debug */ = {
			isa = XCBuildConfiguration;
			buildSettings = {
				ALWAYS_SEARCH_USER_PATHS = NO;
				CLANG_ANALYZER_NONNULL = YES;
				CLANG_ANALYZER_NUMBER_OBJECT_CONVERSION = YES_AGGRESSIVE;
				CLANG_CXX_LANGUAGE_STANDARD = "gnu++14";
				CLANG_CXX_LIBRARY = "libc++";
				CLANG_ENABLE_MODULES = YES;
				CLANG_ENABLE_OBJC_ARC = YES;
				CLANG_ENABLE_OBJC_WEAK = YES;
				CLANG_WARN_BLOCK_CAPTURE_AUTORELEASING = YES;
				CLANG_WARN_BOOL_CONVERSION = YES;
				CLANG_WARN_COMMA = YES;
				CLANG_WARN_CONSTANT_CONVERSION = YES;
				CLANG_WARN_DEPRECATED_OBJC_IMPLEMENTATIONS = YES;
				CLANG_WARN_DIRECT_OBJC_ISA_USAGE = YES_ERROR;
				CLANG_WARN_DOCUMENTATION_COMMENTS = YES;
				CLANG_WARN_EMPTY_BODY = YES;
				CLANG_WARN_ENUM_CONVERSION = YES;
				CLANG_WARN_INFINITE_RECURSION = YES;
				CLANG_WARN_INT_CONVERSION = YES;
				CLANG_WARN_NON_LITERAL_NULL_CONVERSION = YES;
				CLANG_WARN_OBJC_IMPLICIT_RETAIN_SELF = YES;
				CLANG_WARN_OBJC_LITERAL_CONVERSION = YES;
				CLANG_WARN_OBJC_ROOT_CLASS = YES_ERROR;
				CLANG_WARN_RANGE_LOOP_ANALYSIS = YES;
				CLANG_WARN_STRICT_PROTOTYPES = YES;
				CLANG_WARN_SUSPICIOUS_MOVE = YES;
				CLANG_WARN_UNGUARDED_AVAILABILITY = YES_AGGRESSIVE;
				CLANG_WARN_UNREACHABLE_CODE = YES;
				CLANG_WARN__DUPLICATE_METHOD_MATCH = YES;
				COPY_PHASE_STRIP = NO;
				DEBUG_INFORMATION_FORMAT = dwarf;
				ENABLE_STRICT_OBJC_MSGSEND = YES;
				ENABLE_TESTABILITY = YES;
				GCC_C_LANGUAGE_STANDARD = gnu11;
				GCC_DYNAMIC_NO_PIC = NO;
				GCC_NO_COMMON_BLOCKS = YES;
				GCC_OPTIMIZATION_LEVEL = 0;
				GCC_PREPROCESSOR_DEFINITIONS = (
					"DEBUG=1",
					"$(inherited)",
				);
				GCC_WARN_64_TO_32_BIT_CONVERSION = YES;
				GCC_WARN_ABOUT_RETURN_TYPE = YES_ERROR;
				GCC_WARN_UNDECLARED_SELECTOR = YES;
				GCC_WARN_UNINITIALIZED_AUTOS = YES_AGGRESSIVE;
				GCC_WARN_UNUSED_FUNCTION = YES;
				GCC_WARN_UNUSED_VARIABLE = YES;
				IPHONEOS_DEPLOYMENT_TARGET = 13.2;
				MTL_ENABLE_DEBUG_INFO = INCLUDE_SOURCE;
				MTL_FAST_MATH = YES;
				ONLY_ACTIVE_ARCH = YES;
				SDKROOT = iphoneos;
				SWIFT_ACTIVE_COMPILATION_CONDITIONS = DEBUG;
				SWIFT_OPTIMIZATION_LEVEL = "-Onone";
			};
			name = Debug;
		};
		37652D35244902E2009F81DB /* Release */ = {
			isa = XCBuildConfiguration;
			buildSettings = {
				ALWAYS_SEARCH_USER_PATHS = NO;
				CLANG_ANALYZER_NONNULL = YES;
				CLANG_ANALYZER_NUMBER_OBJECT_CONVERSION = YES_AGGRESSIVE;
				CLANG_CXX_LANGUAGE_STANDARD = "gnu++14";
				CLANG_CXX_LIBRARY = "libc++";
				CLANG_ENABLE_MODULES = YES;
				CLANG_ENABLE_OBJC_ARC = YES;
				CLANG_ENABLE_OBJC_WEAK = YES;
				CLANG_WARN_BLOCK_CAPTURE_AUTORELEASING = YES;
				CLANG_WARN_BOOL_CONVERSION = YES;
				CLANG_WARN_COMMA = YES;
				CLANG_WARN_CONSTANT_CONVERSION = YES;
				CLANG_WARN_DEPRECATED_OBJC_IMPLEMENTATIONS = YES;
				CLANG_WARN_DIRECT_OBJC_ISA_USAGE = YES_ERROR;
				CLANG_WARN_DOCUMENTATION_COMMENTS = YES;
				CLANG_WARN_EMPTY_BODY = YES;
				CLANG_WARN_ENUM_CONVERSION = YES;
				CLANG_WARN_INFINITE_RECURSION = YES;
				CLANG_WARN_INT_CONVERSION = YES;
				CLANG_WARN_NON_LITERAL_NULL_CONVERSION = YES;
				CLANG_WARN_OBJC_IMPLICIT_RETAIN_SELF = YES;
				CLANG_WARN_OBJC_LITERAL_CONVERSION = YES;
				CLANG_WARN_OBJC_ROOT_CLASS = YES_ERROR;
				CLANG_WARN_RANGE_LOOP_ANALYSIS = YES;
				CLANG_WARN_STRICT_PROTOTYPES = YES;
				CLANG_WARN_SUSPICIOUS_MOVE = YES;
				CLANG_WARN_UNGUARDED_AVAILABILITY = YES_AGGRESSIVE;
				CLANG_WARN_UNREACHABLE_CODE = YES;
				CLANG_WARN__DUPLICATE_METHOD_MATCH = YES;
				COPY_PHASE_STRIP = NO;
				DEBUG_INFORMATION_FORMAT = "dwarf-with-dsym";
				ENABLE_NS_ASSERTIONS = NO;
				ENABLE_STRICT_OBJC_MSGSEND = YES;
				GCC_C_LANGUAGE_STANDARD = gnu11;
				GCC_NO_COMMON_BLOCKS = YES;
				GCC_WARN_64_TO_32_BIT_CONVERSION = YES;
				GCC_WARN_ABOUT_RETURN_TYPE = YES_ERROR;
				GCC_WARN_UNDECLARED_SELECTOR = YES;
				GCC_WARN_UNINITIALIZED_AUTOS = YES_AGGRESSIVE;
				GCC_WARN_UNUSED_FUNCTION = YES;
				GCC_WARN_UNUSED_VARIABLE = YES;
				IPHONEOS_DEPLOYMENT_TARGET = 13.2;
				MTL_ENABLE_DEBUG_INFO = NO;
				MTL_FAST_MATH = YES;
				SDKROOT = iphoneos;
				SWIFT_COMPILATION_MODE = wholemodule;
				SWIFT_OPTIMIZATION_LEVEL = "-O";
				VALIDATE_PRODUCT = YES;
			};
			name = Release;
		};
		37652D37244902E2009F81DB /* Debug */ = {
			isa = XCBuildConfiguration;
			buildSettings = {
				ASSETCATALOG_COMPILER_APPICON_NAME = AppIcon;
				CODE_SIGN_STYLE = Automatic;
				DEVELOPMENT_TEAM = 3TSDHUJW57;
				INFOPLIST_FILE = masTableViews_a01570056/Info.plist;
				LD_RUNPATH_SEARCH_PATHS = (
					"$(inherited)",
					"@executable_path/Frameworks",
				);
				PRODUCT_BUNDLE_IDENTIFIER = "yulisa.medina-a01570056.masTableViews-a01570056";
				PRODUCT_NAME = "$(TARGET_NAME)";
				SWIFT_VERSION = 5.0;
				TARGETED_DEVICE_FAMILY = "1,2";
			};
			name = Debug;
		};
		37652D38244902E2009F81DB /* Release */ = {
			isa = XCBuildConfiguration;
			buildSettings = {
				ASSETCATALOG_COMPILER_APPICON_NAME = AppIcon;
				CODE_SIGN_STYLE = Automatic;
				DEVELOPMENT_TEAM = 3TSDHUJW57;
				INFOPLIST_FILE = masTableViews_a01570056/Info.plist;
				LD_RUNPATH_SEARCH_PATHS = (
					"$(inherited)",
					"@executable_path/Frameworks",
				);
				PRODUCT_BUNDLE_IDENTIFIER = "yulisa.medina-a01570056.masTableViews-a01570056";
				PRODUCT_NAME = "$(TARGET_NAME)";
				SWIFT_VERSION = 5.0;
				TARGETED_DEVICE_FAMILY = "1,2";
			};
			name = Release;
		};
/* End XCBuildConfiguration section */

/* Begin XCConfigurationList section */
		37652D1D244902E0009F81DB /* Build configuration list for PBXProject "masTableViews_a01570056" */ = {
			isa = XCConfigurationList;
			buildConfigurations = (
				37652D34244902E2009F81DB /* Debug */,
				37652D35244902E2009F81DB /* Release */,
			);
			defaultConfigurationIsVisible = 0;
			defaultConfigurationName = Release;
		};
		37652D36244902E2009F81DB /* Build configuration list for PBXNativeTarget "masTableViews_a01570056" */ = {
			isa = XCConfigurationList;
			buildConfigurations = (
				37652D37244902E2009F81DB /* Debug */,
				37652D38244902E2009F81DB /* Release */,
			);
			defaultConfigurationIsVisible = 0;
			defaultConfigurationName = Release;
		};
/* End XCConfigurationList section */
	};
	rootObject = 37652D1A244902E0009F81DB /* Project object */;
}
