// !$*UTF8*$!
{
	archiveVersion = 1;
	classes = {
	};
	objectVersion = 50;
	objects = {

/* Begin PBXBuildFile section */
		FB4E85F02411B2C0008819C0 /* AppDelegate.swift in Sources */ = {isa = PBXBuildFile; fileRef = FB4E85EF2411B2C0008819C0 /* AppDelegate.swift */; };
		FB4E85F22411B2C0008819C0 /* SceneDelegate.swift in Sources */ = {isa = PBXBuildFile; fileRef = FB4E85F12411B2C0008819C0 /* SceneDelegate.swift */; };
		FB4E85F42411B2C0008819C0 /* ViewController.swift in Sources */ = {isa = PBXBuildFile; fileRef = FB4E85F32411B2C0008819C0 /* ViewController.swift */; };
		FB4E85F72411B2C0008819C0 /* Main.storyboard in Resources */ = {isa = PBXBuildFile; fileRef = FB4E85F52411B2C0008819C0 /* Main.storyboard */; };
		FB4E85F92411B2C2008819C0 /* Assets.xcassets in Resources */ = {isa = PBXBuildFile; fileRef = FB4E85F82411B2C2008819C0 /* Assets.xcassets */; };
		FB4E85FC2411B2C2008819C0 /* LaunchScreen.storyboard in Resources */ = {isa = PBXBuildFile; fileRef = FB4E85FA2411B2C2008819C0 /* LaunchScreen.storyboard */; };
		FB4E86042411B381008819C0 /* TableViewController.swift in Sources */ = {isa = PBXBuildFile; fileRef = FB4E86032411B381008819C0 /* TableViewController.swift */; };
		FB4E86062411B662008819C0 /* Jugador.swift in Sources */ = {isa = PBXBuildFile; fileRef = FB4E86052411B662008819C0 /* Jugador.swift */; };
/* End PBXBuildFile section */

/* Begin PBXFileReference section */
		FB4E85EC2411B2C0008819C0 /* tableViewController_a01570056.app */ = {isa = PBXFileReference; explicitFileType = wrapper.application; includeInIndex = 0; path = tableViewController_a01570056.app; sourceTree = BUILT_PRODUCTS_DIR; };
		FB4E85EF2411B2C0008819C0 /* AppDelegate.swift */ = {isa = PBXFileReference; lastKnownFileType = sourcecode.swift; path = AppDelegate.swift; sourceTree = "<group>"; };
		FB4E85F12411B2C0008819C0 /* SceneDelegate.swift */ = {isa = PBXFileReference; lastKnownFileType = sourcecode.swift; path = SceneDelegate.swift; sourceTree = "<group>"; };
		FB4E85F32411B2C0008819C0 /* ViewController.swift */ = {isa = PBXFileReference; lastKnownFileType = sourcecode.swift; path = ViewController.swift; sourceTree = "<group>"; };
		FB4E85F62411B2C0008819C0 /* Base */ = {isa = PBXFileReference; lastKnownFileType = file.storyboard; name = Base; path = Base.lproj/Main.storyboard; sourceTree = "<group>"; };
		FB4E85F82411B2C2008819C0 /* Assets.xcassets */ = {isa = PBXFileReference; lastKnownFileType = folder.assetcatalog; path = Assets.xcassets; sourceTree = "<group>"; };
		FB4E85FB2411B2C2008819C0 /* Base */ = {isa = PBXFileReference; lastKnownFileType = file.storyboard; name = Base; path = Base.lproj/LaunchScreen.storyboard; sourceTree = "<group>"; };
		FB4E85FD2411B2C2008819C0 /* Info.plist */ = {isa = PBXFileReference; lastKnownFileType = text.plist.xml; path = Info.plist; sourceTree = "<group>"; };
		FB4E86032411B381008819C0 /* TableViewController.swift */ = {isa = PBXFileReference; lastKnownFileType = sourcecode.swift; path = TableViewController.swift; sourceTree = "<group>"; };
		FB4E86052411B662008819C0 /* Jugador.swift */ = {isa = PBXFileReference; lastKnownFileType = sourcecode.swift; path = Jugador.swift; sourceTree = "<group>"; };
/* End PBXFileReference section */

/* Begin PBXFrameworksBuildPhase section */
		FB4E85E92411B2C0008819C0 /* Frameworks */ = {
			isa = PBXFrameworksBuildPhase;
			buildActionMask = 2147483647;
			files = (
			);
			runOnlyForDeploymentPostprocessing = 0;
		};
/* End PBXFrameworksBuildPhase section */

/* Begin PBXGroup section */
		FB4E85E32411B2C0008819C0 = {
			isa = PBXGroup;
			children = (
				FB4E85EE2411B2C0008819C0 /* tableViewController_a01570056 */,
				FB4E85ED2411B2C0008819C0 /* Products */,
			);
			sourceTree = "<group>";
		};
		FB4E85ED2411B2C0008819C0 /* Products */ = {
			isa = PBXGroup;
			children = (
				FB4E85EC2411B2C0008819C0 /* tableViewController_a01570056.app */,
			);
			name = Products;
			sourceTree = "<group>";
		};
		FB4E85EE2411B2C0008819C0 /* tableViewController_a01570056 */ = {
			isa = PBXGroup;
			children = (
				FB4E85EF2411B2C0008819C0 /* AppDelegate.swift */,
				FB4E85F12411B2C0008819C0 /* SceneDelegate.swift */,
				FB4E85F32411B2C0008819C0 /* ViewController.swift */,
				FB4E85F52411B2C0008819C0 /* Main.storyboard */,
				FB4E86032411B381008819C0 /* TableViewController.swift */,
				FB4E86052411B662008819C0 /* Jugador.swift */,
				FB4E85F82411B2C2008819C0 /* Assets.xcassets */,
				FB4E85FA2411B2C2008819C0 /* LaunchScreen.storyboard */,
				FB4E85FD2411B2C2008819C0 /* Info.plist */,
			);
			path = tableViewController_a01570056;
			sourceTree = "<group>";
		};
/* End PBXGroup section */

/* Begin PBXNativeTarget section */
		FB4E85EB2411B2C0008819C0 /* tableViewController_a01570056 */ = {
			isa = PBXNativeTarget;
			buildConfigurationList = FB4E86002411B2C2008819C0 /* Build configuration list for PBXNativeTarget "tableViewController_a01570056" */;
			buildPhases = (
				FB4E85E82411B2C0008819C0 /* Sources */,
				FB4E85E92411B2C0008819C0 /* Frameworks */,
				FB4E85EA2411B2C0008819C0 /* Resources */,
			);
			buildRules = (
			);
			dependencies = (
			);
			name = tableViewController_a01570056;
			productName = tableViewController_a01570056;
			productReference = FB4E85EC2411B2C0008819C0 /* tableViewController_a01570056.app */;
			productType = "com.apple.product-type.application";
		};
/* End PBXNativeTarget section */

/* Begin PBXProject section */
		FB4E85E42411B2C0008819C0 /* Project object */ = {
			isa = PBXProject;
			attributes = {
				LastSwiftUpdateCheck = 1130;
				LastUpgradeCheck = 1130;
				ORGANIZATIONNAME = com.itesm;
				TargetAttributes = {
					FB4E85EB2411B2C0008819C0 = {
						CreatedOnToolsVersion = 11.3.1;
					};
				};
			};
			buildConfigurationList = FB4E85E72411B2C0008819C0 /* Build configuration list for PBXProject "tableViewController_a01570056" */;
			compatibilityVersion = "Xcode 9.3";
			developmentRegion = en;
			hasScannedForEncodings = 0;
			knownRegions = (
				en,
				Base,
			);
			mainGroup = FB4E85E32411B2C0008819C0;
			productRefGroup = FB4E85ED2411B2C0008819C0 /* Products */;
			projectDirPath = "";
			projectRoot = "";
			targets = (
				FB4E85EB2411B2C0008819C0 /* tableViewController_a01570056 */,
			);
		};
/* End PBXProject section */

/* Begin PBXResourcesBuildPhase section */
		FB4E85EA2411B2C0008819C0 /* Resources */ = {
			isa = PBXResourcesBuildPhase;
			buildActionMask = 2147483647;
			files = (
				FB4E85FC2411B2C2008819C0 /* LaunchScreen.storyboard in Resources */,
				FB4E85F92411B2C2008819C0 /* Assets.xcassets in Resources */,
				FB4E85F72411B2C0008819C0 /* Main.storyboard in Resources */,
			);
			runOnlyForDeploymentPostprocessing = 0;
		};
/* End PBXResourcesBuildPhase section */

/* Begin PBXSourcesBuildPhase section */
		FB4E85E82411B2C0008819C0 /* Sources */ = {
			isa = PBXSourcesBuildPhase;
			buildActionMask = 2147483647;
			files = (
				FB4E85F42411B2C0008819C0 /* ViewController.swift in Sources */,
				FB4E85F02411B2C0008819C0 /* AppDelegate.swift in Sources */,
				FB4E85F22411B2C0008819C0 /* SceneDelegate.swift in Sources */,
				FB4E86042411B381008819C0 /* TableViewController.swift in Sources */,
				FB4E86062411B662008819C0 /* Jugador.swift in Sources */,
			);
			runOnlyForDeploymentPostprocessing = 0;
		};
/* End PBXSourcesBuildPhase section */

/* Begin PBXVariantGroup section */
		FB4E85F52411B2C0008819C0 /* Main.storyboard */ = {
			isa = PBXVariantGroup;
			children = (
				FB4E85F62411B2C0008819C0 /* Base */,
			);
			name = Main.storyboard;
			sourceTree = "<group>";
		};
		FB4E85FA2411B2C2008819C0 /* LaunchScreen.storyboard */ = {
			isa = PBXVariantGroup;
			children = (
				FB4E85FB2411B2C2008819C0 /* Base */,
			);
			name = LaunchScreen.storyboard;
			sourceTree = "<group>";
		};
/* End PBXVariantGroup section */

/* Begin XCBuildConfiguration section */
		FB4E85FE2411B2C2008819C0 /* Debug */ = {
			isa = XCBuildConfiguration;
			buildSettings = {
				ALWAYS_SEARCH_USER_PATHS = NO;
				CLANG_ANALYZER_NONNULL = YES;
				CLANG_ANALYZER_NUMBER_OBJECT_CONVERSION = YES_AGGRESSIVE;
				CLANG_CXX_LANGUAGE_STANDARD = "gnu++14";
				CLANG_CXX_LIBRARY = "libc++";
				CLANG_ENABLE_MODULES = YES;
				CLANG_ENABLE_OBJC_ARC = YES;
				CLANG_ENABLE_OBJC_WEAK = YES;
				CLANG_WARN_BLOCK_CAPTURE_AUTORELEASING = YES;
				CLANG_WARN_BOOL_CONVERSION = YES;
				CLANG_WARN_COMMA = YES;
				CLANG_WARN_CONSTANT_CONVERSION = YES;
				CLANG_WARN_DEPRECATED_OBJC_IMPLEMENTATIONS = YES;
				CLANG_WARN_DIRECT_OBJC_ISA_USAGE = YES_ERROR;
				CLANG_WARN_DOCUMENTATION_COMMENTS = YES;
				CLANG_WARN_EMPTY_BODY = YES;
				CLANG_WARN_ENUM_CONVERSION = YES;
				CLANG_WARN_INFINITE_RECURSION = YES;
				CLANG_WARN_INT_CONVERSION = YES;
				CLANG_WARN_NON_LITERAL_NULL_CONVERSION = YES;
				CLANG_WARN_OBJC_IMPLICIT_RETAIN_SELF = YES;
				CLANG_WARN_OBJC_LITERAL_CONVERSION = YES;
				CLANG_WARN_OBJC_ROOT_CLASS = YES_ERROR;
				CLANG_WARN_RANGE_LOOP_ANALYSIS = YES;
				CLANG_WARN_STRICT_PROTOTYPES = YES;
				CLANG_WARN_SUSPICIOUS_MOVE = YES;
				CLANG_WARN_UNGUARDED_AVAILABILITY = YES_AGGRESSIVE;
				CLANG_WARN_UNREACHABLE_CODE = YES;
				CLANG_WARN__DUPLICATE_METHOD_MATCH = YES;
				COPY_PHASE_STRIP = NO;
				DEBUG_INFORMATION_FORMAT = dwarf;
				ENABLE_STRICT_OBJC_MSGSEND = YES;
				ENABLE_TESTABILITY = YES;
				GCC_C_LANGUAGE_STANDARD = gnu11;
				GCC_DYNAMIC_NO_PIC = NO;
				GCC_NO_COMMON_BLOCKS = YES;
				GCC_OPTIMIZATION_LEVEL = 0;
				GCC_PREPROCESSOR_DEFINITIONS = (
					"DEBUG=1",
					"$(inherited)",
				);
				GCC_WARN_64_TO_32_BIT_CONVERSION = YES;
				GCC_WARN_ABOUT_RETURN_TYPE = YES_ERROR;
				GCC_WARN_UNDECLARED_SELECTOR = YES;
				GCC_WARN_UNINITIALIZED_AUTOS = YES_AGGRESSIVE;
				GCC_WARN_UNUSED_FUNCTION = YES;
				GCC_WARN_UNUSED_VARIABLE = YES;
				IPHONEOS_DEPLOYMENT_TARGET = 13.2;
				MTL_ENABLE_DEBUG_INFO = INCLUDE_SOURCE;
				MTL_FAST_MATH = YES;
				ONLY_ACTIVE_ARCH = YES;
				SDKROOT = iphoneos;
				SWIFT_ACTIVE_COMPILATION_CONDITIONS = DEBUG;
				SWIFT_OPTIMIZATION_LEVEL = "-Onone";
			};
			name = Debug;
		};
		FB4E85FF2411B2C2008819C0 /* Release */ = {
			isa = XCBuildConfiguration;
			buildSettings = {
				ALWAYS_SEARCH_USER_PATHS = NO;
				CLANG_ANALYZER_NONNULL = YES;
				CLANG_ANALYZER_NUMBER_OBJECT_CONVERSION = YES_AGGRESSIVE;
				CLANG_CXX_LANGUAGE_STANDARD = "gnu++14";
				CLANG_CXX_LIBRARY = "libc++";
				CLANG_ENABLE_MODULES = YES;
				CLANG_ENABLE_OBJC_ARC = YES;
				CLANG_ENABLE_OBJC_WEAK = YES;
				CLANG_WARN_BLOCK_CAPTURE_AUTORELEASING = YES;
				CLANG_WARN_BOOL_CONVERSION = YES;
				CLANG_WARN_COMMA = YES;
				CLANG_WARN_CONSTANT_CONVERSION = YES;
				CLANG_WARN_DEPRECATED_OBJC_IMPLEMENTATIONS = YES;
				CLANG_WARN_DIRECT_OBJC_ISA_USAGE = YES_ERROR;
				CLANG_WARN_DOCUMENTATION_COMMENTS = YES;
				CLANG_WARN_EMPTY_BODY = YES;
				CLANG_WARN_ENUM_CONVERSION = YES;
				CLANG_WARN_INFINITE_RECURSION = YES;
				CLANG_WARN_INT_CONVERSION = YES;
				CLANG_WARN_NON_LITERAL_NULL_CONVERSION = YES;
				CLANG_WARN_OBJC_IMPLICIT_RETAIN_SELF = YES;
				CLANG_WARN_OBJC_LITERAL_CONVERSION = YES;
				CLANG_WARN_OBJC_ROOT_CLASS = YES_ERROR;
				CLANG_WARN_RANGE_LOOP_ANALYSIS = YES;
				CLANG_WARN_STRICT_PROTOTYPES = YES;
				CLANG_WARN_SUSPICIOUS_MOVE = YES;
				CLANG_WARN_UNGUARDED_AVAILABILITY = YES_AGGRESSIVE;
				CLANG_WARN_UNREACHABLE_CODE = YES;
				CLANG_WARN__DUPLICATE_METHOD_MATCH = YES;
				COPY_PHASE_STRIP = NO;
				DEBUG_INFORMATION_FORMAT = "dwarf-with-dsym";
				ENABLE_NS_ASSERTIONS = NO;
				ENABLE_STRICT_OBJC_MSGSEND = YES;
				GCC_C_LANGUAGE_STANDARD = gnu11;
				GCC_NO_COMMON_BLOCKS = YES;
				GCC_WARN_64_TO_32_BIT_CONVERSION = YES;
				GCC_WARN_ABOUT_RETURN_TYPE = YES_ERROR;
				GCC_WARN_UNDECLARED_SELECTOR = YES;
				GCC_WARN_UNINITIALIZED_AUTOS = YES_AGGRESSIVE;
				GCC_WARN_UNUSED_FUNCTION = YES;
				GCC_WARN_UNUSED_VARIABLE = YES;
				IPHONEOS_DEPLOYMENT_TARGET = 13.2;
				MTL_ENABLE_DEBUG_INFO = NO;
				MTL_FAST_MATH = YES;
				SDKROOT = iphoneos;
				SWIFT_COMPILATION_MODE = wholemodule;
				SWIFT_OPTIMIZATION_LEVEL = "-O";
				VALIDATE_PRODUCT = YES;
			};
			name = Release;
		};
		FB4E86012411B2C2008819C0 /* Debug */ = {
			isa = XCBuildConfiguration;
			buildSettings = {
				ASSETCATALOG_COMPILER_APPICON_NAME = AppIcon;
				CODE_SIGN_STYLE = Automatic;
				INFOPLIST_FILE = tableViewController_a01570056/Info.plist;
				LD_RUNPATH_SEARCH_PATHS = (
					"$(inherited)",
					"@executable_path/Frameworks",
				);
				PRODUCT_BUNDLE_IDENTIFIER = "ITESM.tableViewController-a01570056";
				PRODUCT_NAME = "$(TARGET_NAME)";
				SWIFT_VERSION = 5.0;
				TARGETED_DEVICE_FAMILY = "1,2";
			};
			name = Debug;
		};
		FB4E86022411B2C2008819C0 /* Release */ = {
			isa = XCBuildConfiguration;
			buildSettings = {
				ASSETCATALOG_COMPILER_APPICON_NAME = AppIcon;
				CODE_SIGN_STYLE = Automatic;
				INFOPLIST_FILE = tableViewController_a01570056/Info.plist;
				LD_RUNPATH_SEARCH_PATHS = (
					"$(inherited)",
					"@executable_path/Frameworks",
				);
				PRODUCT_BUNDLE_IDENTIFIER = "ITESM.tableViewController-a01570056";
				PRODUCT_NAME = "$(TARGET_NAME)";
				SWIFT_VERSION = 5.0;
				TARGETED_DEVICE_FAMILY = "1,2";
			};
			name = Release;
		};
/* End XCBuildConfiguration section */

/* Begin XCConfigurationList section */
		FB4E85E72411B2C0008819C0 /* Build configuration list for PBXProject "tableViewController_a01570056" */ = {
			isa = XCConfigurationList;
			buildConfigurations = (
				FB4E85FE2411B2C2008819C0 /* Debug */,
				FB4E85FF2411B2C2008819C0 /* Release */,
			);
			defaultConfigurationIsVisible = 0;
			defaultConfigurationName = Release;
		};
		FB4E86002411B2C2008819C0 /* Build configuration list for PBXNativeTarget "tableViewController_a01570056" */ = {
			isa = XCConfigurationList;
			buildConfigurations = (
				FB4E86012411B2C2008819C0 /* Debug */,
				FB4E86022411B2C2008819C0 /* Release */,
			);
			defaultConfigurationIsVisible = 0;
			defaultConfigurationName = Release;
		};
/* End XCConfigurationList section */
	};
	rootObject = FB4E85E42411B2C0008819C0 /* Project object */;
}
