// !$*UTF8*$!
{
	archiveVersion = 1;
	classes = {
	};
	objectVersion = 50;
	objects = {

/* Begin PBXBuildFile section */
		B790783B2358B10B00081B93 /* AppDelegate.swift in Sources */ = {isa = PBXBuildFile; fileRef = B790783A2358B10B00081B93 /* AppDelegate.swift */; };
		B790783D2358B10B00081B93 /* SceneDelegate.swift in Sources */ = {isa = PBXBuildFile; fileRef = B790783C2358B10B00081B93 /* SceneDelegate.swift */; };
		B790783F2358B10B00081B93 /* ViewController.swift in Sources */ = {isa = PBXBuildFile; fileRef = B790783E2358B10B00081B93 /* ViewController.swift */; };
		B79078422358B10B00081B93 /* Main.storyboard in Resources */ = {isa = PBXBuildFile; fileRef = B79078402358B10B00081B93 /* Main.storyboard */; };
		B79078442358B10C00081B93 /* Assets.xcassets in Resources */ = {isa = PBXBuildFile; fileRef = B79078432358B10C00081B93 /* Assets.xcassets */; };
		B79078472358B10C00081B93 /* LaunchScreen.storyboard in Resources */ = {isa = PBXBuildFile; fileRef = B79078452358B10C00081B93 /* LaunchScreen.storyboard */; };
/* End PBXBuildFile section */

/* Begin PBXFileReference section */
		B79078372358B10B00081B93 /* mueveTextoBajoTecladoA19.app */ = {isa = PBXFileReference; explicitFileType = wrapper.application; includeInIndex = 0; path = mueveTextoBajoTecladoA19.app; sourceTree = BUILT_PRODUCTS_DIR; };
		B790783A2358B10B00081B93 /* AppDelegate.swift */ = {isa = PBXFileReference; lastKnownFileType = sourcecode.swift; path = AppDelegate.swift; sourceTree = "<group>"; };
		B790783C2358B10B00081B93 /* SceneDelegate.swift */ = {isa = PBXFileReference; lastKnownFileType = sourcecode.swift; path = SceneDelegate.swift; sourceTree = "<group>"; };
		B790783E2358B10B00081B93 /* ViewController.swift */ = {isa = PBXFileReference; lastKnownFileType = sourcecode.swift; path = ViewController.swift; sourceTree = "<group>"; };
		B79078412358B10B00081B93 /* Base */ = {isa = PBXFileReference; lastKnownFileType = file.storyboard; name = Base; path = Base.lproj/Main.storyboard; sourceTree = "<group>"; };
		B79078432358B10C00081B93 /* Assets.xcassets */ = {isa = PBXFileReference; lastKnownFileType = folder.assetcatalog; path = Assets.xcassets; sourceTree = "<group>"; };
		B79078462358B10C00081B93 /* Base */ = {isa = PBXFileReference; lastKnownFileType = file.storyboard; name = Base; path = Base.lproj/LaunchScreen.storyboard; sourceTree = "<group>"; };
		B79078482358B10C00081B93 /* Info.plist */ = {isa = PBXFileReference; lastKnownFileType = text.plist.xml; path = Info.plist; sourceTree = "<group>"; };
/* End PBXFileReference section */

/* Begin PBXFrameworksBuildPhase section */
		B79078342358B10B00081B93 /* Frameworks */ = {
			isa = PBXFrameworksBuildPhase;
			buildActionMask = 2147483647;
			files = (
			);
			runOnlyForDeploymentPostprocessing = 0;
		};
/* End PBXFrameworksBuildPhase section */

/* Begin PBXGroup section */
		B790782E2358B10B00081B93 = {
			isa = PBXGroup;
			children = (
				B79078392358B10B00081B93 /* mueveTextoBajoTecladoA19 */,
				B79078382358B10B00081B93 /* Products */,
			);
			sourceTree = "<group>";
		};
		B79078382358B10B00081B93 /* Products */ = {
			isa = PBXGroup;
			children = (
				B79078372358B10B00081B93 /* mueveTextoBajoTecladoA19.app */,
			);
			name = Products;
			sourceTree = "<group>";
		};
		B79078392358B10B00081B93 /* mueveTextoBajoTecladoA19 */ = {
			isa = PBXGroup;
			children = (
				B790783A2358B10B00081B93 /* AppDelegate.swift */,
				B790783C2358B10B00081B93 /* SceneDelegate.swift */,
				B790783E2358B10B00081B93 /* ViewController.swift */,
				B79078402358B10B00081B93 /* Main.storyboard */,
				B79078432358B10C00081B93 /* Assets.xcassets */,
				B79078452358B10C00081B93 /* LaunchScreen.storyboard */,
				B79078482358B10C00081B93 /* Info.plist */,
			);
			path = mueveTextoBajoTecladoA19;
			sourceTree = "<group>";
		};
/* End PBXGroup section */

/* Begin PBXNativeTarget section */
		B79078362358B10B00081B93 /* mueveTextoBajoTecladoA19 */ = {
			isa = PBXNativeTarget;
			buildConfigurationList = B790784B2358B10C00081B93 /* Build configuration list for PBXNativeTarget "mueveTextoBajoTecladoA19" */;
			buildPhases = (
				B79078332358B10B00081B93 /* Sources */,
				B79078342358B10B00081B93 /* Frameworks */,
				B79078352358B10B00081B93 /* Resources */,
			);
			buildRules = (
			);
			dependencies = (
			);
			name = mueveTextoBajoTecladoA19;
			productName = mueveTextoBajoTecladoA19;
			productReference = B79078372358B10B00081B93 /* mueveTextoBajoTecladoA19.app */;
			productType = "com.apple.product-type.application";
		};
/* End PBXNativeTarget section */

/* Begin PBXProject section */
		B790782F2358B10B00081B93 /* Project object */ = {
			isa = PBXProject;
			attributes = {
				LastSwiftUpdateCheck = 1100;
				LastUpgradeCheck = 1100;
				ORGANIZATIONNAME = com.itesm;
				TargetAttributes = {
					B79078362358B10B00081B93 = {
						CreatedOnToolsVersion = 11.0;
					};
				};
			};
			buildConfigurationList = B79078322358B10B00081B93 /* Build configuration list for PBXProject "mueveTextoBajoTecladoA19" */;
			compatibilityVersion = "Xcode 9.3";
			developmentRegion = en;
			hasScannedForEncodings = 0;
			knownRegions = (
				en,
				Base,
			);
			mainGroup = B790782E2358B10B00081B93;
			productRefGroup = B79078382358B10B00081B93 /* Products */;
			projectDirPath = "";
			projectRoot = "";
			targets = (
				B79078362358B10B00081B93 /* mueveTextoBajoTecladoA19 */,
			);
		};
/* End PBXProject section */

/* Begin PBXResourcesBuildPhase section */
		B79078352358B10B00081B93 /* Resources */ = {
			isa = PBXResourcesBuildPhase;
			buildActionMask = 2147483647;
			files = (
				B79078472358B10C00081B93 /* LaunchScreen.storyboard in Resources */,
				B79078442358B10C00081B93 /* Assets.xcassets in Resources */,
				B79078422358B10B00081B93 /* Main.storyboard in Resources */,
			);
			runOnlyForDeploymentPostprocessing = 0;
		};
/* End PBXResourcesBuildPhase section */

/* Begin PBXSourcesBuildPhase section */
		B79078332358B10B00081B93 /* Sources */ = {
			isa = PBXSourcesBuildPhase;
			buildActionMask = 2147483647;
			files = (
				B790783F2358B10B00081B93 /* ViewController.swift in Sources */,
				B790783B2358B10B00081B93 /* AppDelegate.swift in Sources */,
				B790783D2358B10B00081B93 /* SceneDelegate.swift in Sources */,
			);
			runOnlyForDeploymentPostprocessing = 0;
		};
/* End PBXSourcesBuildPhase section */

/* Begin PBXVariantGroup section */
		B79078402358B10B00081B93 /* Main.storyboard */ = {
			isa = PBXVariantGroup;
			children = (
				B79078412358B10B00081B93 /* Base */,
			);
			name = Main.storyboard;
			sourceTree = "<group>";
		};
		B79078452358B10C00081B93 /* LaunchScreen.storyboard */ = {
			isa = PBXVariantGroup;
			children = (
				B79078462358B10C00081B93 /* Base */,
			);
			name = LaunchScreen.storyboard;
			sourceTree = "<group>";
		};
/* End PBXVariantGroup section */

/* Begin XCBuildConfiguration section */
		B79078492358B10C00081B93 /* Debug */ = {
			isa = XCBuildConfiguration;
			buildSettings = {
				ALWAYS_SEARCH_USER_PATHS = NO;
				CLANG_ANALYZER_NONNULL = YES;
				CLANG_ANALYZER_NUMBER_OBJECT_CONVERSION = YES_AGGRESSIVE;
				CLANG_CXX_LANGUAGE_STANDARD = "gnu++14";
				CLANG_CXX_LIBRARY = "libc++";
				CLANG_ENABLE_MODULES = YES;
				CLANG_ENABLE_OBJC_ARC = YES;
				CLANG_ENABLE_OBJC_WEAK = YES;
				CLANG_WARN_BLOCK_CAPTURE_AUTORELEASING = YES;
				CLANG_WARN_BOOL_CONVERSION = YES;
				CLANG_WARN_COMMA = YES;
				CLANG_WARN_CONSTANT_CONVERSION = YES;
				CLANG_WARN_DEPRECATED_OBJC_IMPLEMENTATIONS = YES;
				CLANG_WARN_DIRECT_OBJC_ISA_USAGE = YES_ERROR;
				CLANG_WARN_DOCUMENTATION_COMMENTS = YES;
				CLANG_WARN_EMPTY_BODY = YES;
				CLANG_WARN_ENUM_CONVERSION = YES;
				CLANG_WARN_INFINITE_RECURSION = YES;
				CLANG_WARN_INT_CONVERSION = YES;
				CLANG_WARN_NON_LITERAL_NULL_CONVERSION = YES;
				CLANG_WARN_OBJC_IMPLICIT_RETAIN_SELF = YES;
				CLANG_WARN_OBJC_LITERAL_CONVERSION = YES;
				CLANG_WARN_OBJC_ROOT_CLASS = YES_ERROR;
				CLANG_WARN_RANGE_LOOP_ANALYSIS = YES;
				CLANG_WARN_STRICT_PROTOTYPES = YES;
				CLANG_WARN_SUSPICIOUS_MOVE = YES;
				CLANG_WARN_UNGUARDED_AVAILABILITY = YES_AGGRESSIVE;
				CLANG_WARN_UNREACHABLE_CODE = YES;
				CLANG_WARN__DUPLICATE_METHOD_MATCH = YES;
				COPY_PHASE_STRIP = NO;
				DEBUG_INFORMATION_FORMAT = dwarf;
				ENABLE_STRICT_OBJC_MSGSEND = YES;
				ENABLE_TESTABILITY = YES;
				GCC_C_LANGUAGE_STANDARD = gnu11;
				GCC_DYNAMIC_NO_PIC = NO;
				GCC_NO_COMMON_BLOCKS = YES;
				GCC_OPTIMIZATION_LEVEL = 0;
				GCC_PREPROCESSOR_DEFINITIONS = (
					"DEBUG=1",
					"$(inherited)",
				);
				GCC_WARN_64_TO_32_BIT_CONVERSION = YES;
				GCC_WARN_ABOUT_RETURN_TYPE = YES_ERROR;
				GCC_WARN_UNDECLARED_SELECTOR = YES;
				GCC_WARN_UNINITIALIZED_AUTOS = YES_AGGRESSIVE;
				GCC_WARN_UNUSED_FUNCTION = YES;
				GCC_WARN_UNUSED_VARIABLE = YES;
				IPHONEOS_DEPLOYMENT_TARGET = 13.0;
				MTL_ENABLE_DEBUG_INFO = INCLUDE_SOURCE;
				MTL_FAST_MATH = YES;
				ONLY_ACTIVE_ARCH = YES;
				SDKROOT = iphoneos;
				SWIFT_ACTIVE_COMPILATION_CONDITIONS = DEBUG;
				SWIFT_OPTIMIZATION_LEVEL = "-Onone";
			};
			name = Debug;
		};
		B790784A2358B10C00081B93 /* Release */ = {
			isa = XCBuildConfiguration;
			buildSettings = {
				ALWAYS_SEARCH_USER_PATHS = NO;
				CLANG_ANALYZER_NONNULL = YES;
				CLANG_ANALYZER_NUMBER_OBJECT_CONVERSION = YES_AGGRESSIVE;
				CLANG_CXX_LANGUAGE_STANDARD = "gnu++14";
				CLANG_CXX_LIBRARY = "libc++";
				CLANG_ENABLE_MODULES = YES;
				CLANG_ENABLE_OBJC_ARC = YES;
				CLANG_ENABLE_OBJC_WEAK = YES;
				CLANG_WARN_BLOCK_CAPTURE_AUTORELEASING = YES;
				CLANG_WARN_BOOL_CONVERSION = YES;
				CLANG_WARN_COMMA = YES;
				CLANG_WARN_CONSTANT_CONVERSION = YES;
				CLANG_WARN_DEPRECATED_OBJC_IMPLEMENTATIONS = YES;
				CLANG_WARN_DIRECT_OBJC_ISA_USAGE = YES_ERROR;
				CLANG_WARN_DOCUMENTATION_COMMENTS = YES;
				CLANG_WARN_EMPTY_BODY = YES;
				CLANG_WARN_ENUM_CONVERSION = YES;
				CLANG_WARN_INFINITE_RECURSION = YES;
				CLANG_WARN_INT_CONVERSION = YES;
				CLANG_WARN_NON_LITERAL_NULL_CONVERSION = YES;
				CLANG_WARN_OBJC_IMPLICIT_RETAIN_SELF = YES;
				CLANG_WARN_OBJC_LITERAL_CONVERSION = YES;
				CLANG_WARN_OBJC_ROOT_CLASS = YES_ERROR;
				CLANG_WARN_RANGE_LOOP_ANALYSIS = YES;
				CLANG_WARN_STRICT_PROTOTYPES = YES;
				CLANG_WARN_SUSPICIOUS_MOVE = YES;
				CLANG_WARN_UNGUARDED_AVAILABILITY = YES_AGGRESSIVE;
				CLANG_WARN_UNREACHABLE_CODE = YES;
				CLANG_WARN__DUPLICATE_METHOD_MATCH = YES;
				COPY_PHASE_STRIP = NO;
				DEBUG_INFORMATION_FORMAT = "dwarf-with-dsym";
				ENABLE_NS_ASSERTIONS = NO;
				ENABLE_STRICT_OBJC_MSGSEND = YES;
				GCC_C_LANGUAGE_STANDARD = gnu11;
				GCC_NO_COMMON_BLOCKS = YES;
				GCC_WARN_64_TO_32_BIT_CONVERSION = YES;
				GCC_WARN_ABOUT_RETURN_TYPE = YES_ERROR;
				GCC_WARN_UNDECLARED_SELECTOR = YES;
				GCC_WARN_UNINITIALIZED_AUTOS = YES_AGGRESSIVE;
				GCC_WARN_UNUSED_FUNCTION = YES;
				GCC_WARN_UNUSED_VARIABLE = YES;
				IPHONEOS_DEPLOYMENT_TARGET = 13.0;
				MTL_ENABLE_DEBUG_INFO = NO;
				MTL_FAST_MATH = YES;
				SDKROOT = iphoneos;
				SWIFT_COMPILATION_MODE = wholemodule;
				SWIFT_OPTIMIZATION_LEVEL = "-O";
				VALIDATE_PRODUCT = YES;
			};
			name = Release;
		};
		B790784C2358B10C00081B93 /* Debug */ = {
			isa = XCBuildConfiguration;
			buildSettings = {
				ASSETCATALOG_COMPILER_APPICON_NAME = AppIcon;
				CODE_SIGN_STYLE = Automatic;
				DEVELOPMENT_TEAM = TX3A2YEYCD;
				INFOPLIST_FILE = mueveTextoBajoTecladoA19/Info.plist;
				LD_RUNPATH_SEARCH_PATHS = (
					"$(inherited)",
					"@executable_path/Frameworks",
				);
				PRODUCT_BUNDLE_IDENTIFIER = ITESM.mueveTextoBajoTecladoA19;
				PRODUCT_NAME = "$(TARGET_NAME)";
				SWIFT_VERSION = 5.0;
				TARGETED_DEVICE_FAMILY = "1,2";
			};
			name = Debug;
		};
		B790784D2358B10C00081B93 /* Release */ = {
			isa = XCBuildConfiguration;
			buildSettings = {
				ASSETCATALOG_COMPILER_APPICON_NAME = AppIcon;
				CODE_SIGN_STYLE = Automatic;
				DEVELOPMENT_TEAM = TX3A2YEYCD;
				INFOPLIST_FILE = mueveTextoBajoTecladoA19/Info.plist;
				LD_RUNPATH_SEARCH_PATHS = (
					"$(inherited)",
					"@executable_path/Frameworks",
				);
				PRODUCT_BUNDLE_IDENTIFIER = ITESM.mueveTextoBajoTecladoA19;
				PRODUCT_NAME = "$(TARGET_NAME)";
				SWIFT_VERSION = 5.0;
				TARGETED_DEVICE_FAMILY = "1,2";
			};
			name = Release;
		};
/* End XCBuildConfiguration section */

/* Begin XCConfigurationList section */
		B79078322358B10B00081B93 /* Build configuration list for PBXProject "mueveTextoBajoTecladoA19" */ = {
			isa = XCConfigurationList;
			buildConfigurations = (
				B79078492358B10C00081B93 /* Debug */,
				B790784A2358B10C00081B93 /* Release */,
			);
			defaultConfigurationIsVisible = 0;
			defaultConfigurationName = Release;
		};
		B790784B2358B10C00081B93 /* Build configuration list for PBXNativeTarget "mueveTextoBajoTecladoA19" */ = {
			isa = XCConfigurationList;
			buildConfigurations = (
				B790784C2358B10C00081B93 /* Debug */,
				B790784D2358B10C00081B93 /* Release */,
			);
			defaultConfigurationIsVisible = 0;
			defaultConfigurationName = Release;
		};
/* End XCConfigurationList section */
	};
	rootObject = B790782F2358B10B00081B93 /* Project object */;
}
