// !$*UTF8*$!
{
	archiveVersion = 1;
	classes = {
	};
	objectVersion = 50;
	objects = {

/* Begin PBXBuildFile section */
		FBEEE7A223FF40E90001678D /* AppDelegate.swift in Sources */ = {isa = PBXBuildFile; fileRef = FBEEE7A123FF40E90001678D /* AppDelegate.swift */; };
		FBEEE7A423FF40E90001678D /* SceneDelegate.swift in Sources */ = {isa = PBXBuildFile; fileRef = FBEEE7A323FF40E90001678D /* SceneDelegate.swift */; };
		FBEEE7A623FF40E90001678D /* ViewController.swift in Sources */ = {isa = PBXBuildFile; fileRef = FBEEE7A523FF40E90001678D /* ViewController.swift */; };
		FBEEE7A923FF40E90001678D /* Main.storyboard in Resources */ = {isa = PBXBuildFile; fileRef = FBEEE7A723FF40E90001678D /* Main.storyboard */; };
		FBEEE7AB23FF40EB0001678D /* Assets.xcassets in Resources */ = {isa = PBXBuildFile; fileRef = FBEEE7AA23FF40EB0001678D /* Assets.xcassets */; };
		FBEEE7AE23FF40EB0001678D /* LaunchScreen.storyboard in Resources */ = {isa = PBXBuildFile; fileRef = FBEEE7AC23FF40EB0001678D /* LaunchScreen.storyboard */; };
/* End PBXBuildFile section */

/* Begin PBXFileReference section */
		FBEEE79E23FF40E90001678D /* layouts_a01570056.app */ = {isa = PBXFileReference; explicitFileType = wrapper.application; includeInIndex = 0; path = layouts_a01570056.app; sourceTree = BUILT_PRODUCTS_DIR; };
		FBEEE7A123FF40E90001678D /* AppDelegate.swift */ = {isa = PBXFileReference; lastKnownFileType = sourcecode.swift; path = AppDelegate.swift; sourceTree = "<group>"; };
		FBEEE7A323FF40E90001678D /* SceneDelegate.swift */ = {isa = PBXFileReference; lastKnownFileType = sourcecode.swift; path = SceneDelegate.swift; sourceTree = "<group>"; };
		FBEEE7A523FF40E90001678D /* ViewController.swift */ = {isa = PBXFileReference; lastKnownFileType = sourcecode.swift; path = ViewController.swift; sourceTree = "<group>"; };
		FBEEE7A823FF40E90001678D /* Base */ = {isa = PBXFileReference; lastKnownFileType = file.storyboard; name = Base; path = Base.lproj/Main.storyboard; sourceTree = "<group>"; };
		FBEEE7AA23FF40EB0001678D /* Assets.xcassets */ = {isa = PBXFileReference; lastKnownFileType = folder.assetcatalog; path = Assets.xcassets; sourceTree = "<group>"; };
		FBEEE7AD23FF40EB0001678D /* Base */ = {isa = PBXFileReference; lastKnownFileType = file.storyboard; name = Base; path = Base.lproj/LaunchScreen.storyboard; sourceTree = "<group>"; };
		FBEEE7AF23FF40EB0001678D /* Info.plist */ = {isa = PBXFileReference; lastKnownFileType = text.plist.xml; path = Info.plist; sourceTree = "<group>"; };
/* End PBXFileReference section */

/* Begin PBXFrameworksBuildPhase section */
		FBEEE79B23FF40E90001678D /* Frameworks */ = {
			isa = PBXFrameworksBuildPhase;
			buildActionMask = 2147483647;
			files = (
			);
			runOnlyForDeploymentPostprocessing = 0;
		};
/* End PBXFrameworksBuildPhase section */

/* Begin PBXGroup section */
		FBEEE79523FF40E90001678D = {
			isa = PBXGroup;
			children = (
				FBEEE7A023FF40E90001678D /* layouts_a01570056 */,
				FBEEE79F23FF40E90001678D /* Products */,
			);
			sourceTree = "<group>";
		};
		FBEEE79F23FF40E90001678D /* Products */ = {
			isa = PBXGroup;
			children = (
				FBEEE79E23FF40E90001678D /* layouts_a01570056.app */,
			);
			name = Products;
			sourceTree = "<group>";
		};
		FBEEE7A023FF40E90001678D /* layouts_a01570056 */ = {
			isa = PBXGroup;
			children = (
				FBEEE7A123FF40E90001678D /* AppDelegate.swift */,
				FBEEE7A323FF40E90001678D /* SceneDelegate.swift */,
				FBEEE7A523FF40E90001678D /* ViewController.swift */,
				FBEEE7A723FF40E90001678D /* Main.storyboard */,
				FBEEE7AA23FF40EB0001678D /* Assets.xcassets */,
				FBEEE7AC23FF40EB0001678D /* LaunchScreen.storyboard */,
				FBEEE7AF23FF40EB0001678D /* Info.plist */,
			);
			path = layouts_a01570056;
			sourceTree = "<group>";
		};
/* End PBXGroup section */

/* Begin PBXNativeTarget section */
		FBEEE79D23FF40E90001678D /* layouts_a01570056 */ = {
			isa = PBXNativeTarget;
			buildConfigurationList = FBEEE7B223FF40EB0001678D /* Build configuration list for PBXNativeTarget "layouts_a01570056" */;
			buildPhases = (
				FBEEE79A23FF40E90001678D /* Sources */,
				FBEEE79B23FF40E90001678D /* Frameworks */,
				FBEEE79C23FF40E90001678D /* Resources */,
			);
			buildRules = (
			);
			dependencies = (
			);
			name = layouts_a01570056;
			productName = layouts_a01570056;
			productReference = FBEEE79E23FF40E90001678D /* layouts_a01570056.app */;
			productType = "com.apple.product-type.application";
		};
/* End PBXNativeTarget section */

/* Begin PBXProject section */
		FBEEE79623FF40E90001678D /* Project object */ = {
			isa = PBXProject;
			attributes = {
				LastSwiftUpdateCheck = 1130;
				LastUpgradeCheck = 1130;
				ORGANIZATIONNAME = com.itesm;
				TargetAttributes = {
					FBEEE79D23FF40E90001678D = {
						CreatedOnToolsVersion = 11.3.1;
					};
				};
			};
			buildConfigurationList = FBEEE79923FF40E90001678D /* Build configuration list for PBXProject "layouts_a01570056" */;
			compatibilityVersion = "Xcode 9.3";
			developmentRegion = en;
			hasScannedForEncodings = 0;
			knownRegions = (
				en,
				Base,
			);
			mainGroup = FBEEE79523FF40E90001678D;
			productRefGroup = FBEEE79F23FF40E90001678D /* Products */;
			projectDirPath = "";
			projectRoot = "";
			targets = (
				FBEEE79D23FF40E90001678D /* layouts_a01570056 */,
			);
		};
/* End PBXProject section */

/* Begin PBXResourcesBuildPhase section */
		FBEEE79C23FF40E90001678D /* Resources */ = {
			isa = PBXResourcesBuildPhase;
			buildActionMask = 2147483647;
			files = (
				FBEEE7AE23FF40EB0001678D /* LaunchScreen.storyboard in Resources */,
				FBEEE7AB23FF40EB0001678D /* Assets.xcassets in Resources */,
				FBEEE7A923FF40E90001678D /* Main.storyboard in Resources */,
			);
			runOnlyForDeploymentPostprocessing = 0;
		};
/* End PBXResourcesBuildPhase section */

/* Begin PBXSourcesBuildPhase section */
		FBEEE79A23FF40E90001678D /* Sources */ = {
			isa = PBXSourcesBuildPhase;
			buildActionMask = 2147483647;
			files = (
				FBEEE7A623FF40E90001678D /* ViewController.swift in Sources */,
				FBEEE7A223FF40E90001678D /* AppDelegate.swift in Sources */,
				FBEEE7A423FF40E90001678D /* SceneDelegate.swift in Sources */,
			);
			runOnlyForDeploymentPostprocessing = 0;
		};
/* End PBXSourcesBuildPhase section */

/* Begin PBXVariantGroup section */
		FBEEE7A723FF40E90001678D /* Main.storyboard */ = {
			isa = PBXVariantGroup;
			children = (
				FBEEE7A823FF40E90001678D /* Base */,
			);
			name = Main.storyboard;
			sourceTree = "<group>";
		};
		FBEEE7AC23FF40EB0001678D /* LaunchScreen.storyboard */ = {
			isa = PBXVariantGroup;
			children = (
				FBEEE7AD23FF40EB0001678D /* Base */,
			);
			name = LaunchScreen.storyboard;
			sourceTree = "<group>";
		};
/* End PBXVariantGroup section */

/* Begin XCBuildConfiguration section */
		FBEEE7B023FF40EB0001678D /* Debug */ = {
			isa = XCBuildConfiguration;
			buildSettings = {
				ALWAYS_SEARCH_USER_PATHS = NO;
				CLANG_ANALYZER_NONNULL = YES;
				CLANG_ANALYZER_NUMBER_OBJECT_CONVERSION = YES_AGGRESSIVE;
				CLANG_CXX_LANGUAGE_STANDARD = "gnu++14";
				CLANG_CXX_LIBRARY = "libc++";
				CLANG_ENABLE_MODULES = YES;
				CLANG_ENABLE_OBJC_ARC = YES;
				CLANG_ENABLE_OBJC_WEAK = YES;
				CLANG_WARN_BLOCK_CAPTURE_AUTORELEASING = YES;
				CLANG_WARN_BOOL_CONVERSION = YES;
				CLANG_WARN_COMMA = YES;
				CLANG_WARN_CONSTANT_CONVERSION = YES;
				CLANG_WARN_DEPRECATED_OBJC_IMPLEMENTATIONS = YES;
				CLANG_WARN_DIRECT_OBJC_ISA_USAGE = YES_ERROR;
				CLANG_WARN_DOCUMENTATION_COMMENTS = YES;
				CLANG_WARN_EMPTY_BODY = YES;
				CLANG_WARN_ENUM_CONVERSION = YES;
				CLANG_WARN_INFINITE_RECURSION = YES;
				CLANG_WARN_INT_CONVERSION = YES;
				CLANG_WARN_NON_LITERAL_NULL_CONVERSION = YES;
				CLANG_WARN_OBJC_IMPLICIT_RETAIN_SELF = YES;
				CLANG_WARN_OBJC_LITERAL_CONVERSION = YES;
				CLANG_WARN_OBJC_ROOT_CLASS = YES_ERROR;
				CLANG_WARN_RANGE_LOOP_ANALYSIS = YES;
				CLANG_WARN_STRICT_PROTOTYPES = YES;
				CLANG_WARN_SUSPICIOUS_MOVE = YES;
				CLANG_WARN_UNGUARDED_AVAILABILITY = YES_AGGRESSIVE;
				CLANG_WARN_UNREACHABLE_CODE = YES;
				CLANG_WARN__DUPLICATE_METHOD_MATCH = YES;
				COPY_PHASE_STRIP = NO;
				DEBUG_INFORMATION_FORMAT = dwarf;
				ENABLE_STRICT_OBJC_MSGSEND = YES;
				ENABLE_TESTABILITY = YES;
				GCC_C_LANGUAGE_STANDARD = gnu11;
				GCC_DYNAMIC_NO_PIC = NO;
				GCC_NO_COMMON_BLOCKS = YES;
				GCC_OPTIMIZATION_LEVEL = 0;
				GCC_PREPROCESSOR_DEFINITIONS = (
					"DEBUG=1",
					"$(inherited)",
				);
				GCC_WARN_64_TO_32_BIT_CONVERSION = YES;
				GCC_WARN_ABOUT_RETURN_TYPE = YES_ERROR;
				GCC_WARN_UNDECLARED_SELECTOR = YES;
				GCC_WARN_UNINITIALIZED_AUTOS = YES_AGGRESSIVE;
				GCC_WARN_UNUSED_FUNCTION = YES;
				GCC_WARN_UNUSED_VARIABLE = YES;
				IPHONEOS_DEPLOYMENT_TARGET = 13.2;
				MTL_ENABLE_DEBUG_INFO = INCLUDE_SOURCE;
				MTL_FAST_MATH = YES;
				ONLY_ACTIVE_ARCH = YES;
				SDKROOT = iphoneos;
				SWIFT_ACTIVE_COMPILATION_CONDITIONS = DEBUG;
				SWIFT_OPTIMIZATION_LEVEL = "-Onone";
			};
			name = Debug;
		};
		FBEEE7B123FF40EB0001678D /* Release */ = {
			isa = XCBuildConfiguration;
			buildSettings = {
				ALWAYS_SEARCH_USER_PATHS = NO;
				CLANG_ANALYZER_NONNULL = YES;
				CLANG_ANALYZER_NUMBER_OBJECT_CONVERSION = YES_AGGRESSIVE;
				CLANG_CXX_LANGUAGE_STANDARD = "gnu++14";
				CLANG_CXX_LIBRARY = "libc++";
				CLANG_ENABLE_MODULES = YES;
				CLANG_ENABLE_OBJC_ARC = YES;
				CLANG_ENABLE_OBJC_WEAK = YES;
				CLANG_WARN_BLOCK_CAPTURE_AUTORELEASING = YES;
				CLANG_WARN_BOOL_CONVERSION = YES;
				CLANG_WARN_COMMA = YES;
				CLANG_WARN_CONSTANT_CONVERSION = YES;
				CLANG_WARN_DEPRECATED_OBJC_IMPLEMENTATIONS = YES;
				CLANG_WARN_DIRECT_OBJC_ISA_USAGE = YES_ERROR;
				CLANG_WARN_DOCUMENTATION_COMMENTS = YES;
				CLANG_WARN_EMPTY_BODY = YES;
				CLANG_WARN_ENUM_CONVERSION = YES;
				CLANG_WARN_INFINITE_RECURSION = YES;
				CLANG_WARN_INT_CONVERSION = YES;
				CLANG_WARN_NON_LITERAL_NULL_CONVERSION = YES;
				CLANG_WARN_OBJC_IMPLICIT_RETAIN_SELF = YES;
				CLANG_WARN_OBJC_LITERAL_CONVERSION = YES;
				CLANG_WARN_OBJC_ROOT_CLASS = YES_ERROR;
				CLANG_WARN_RANGE_LOOP_ANALYSIS = YES;
				CLANG_WARN_STRICT_PROTOTYPES = YES;
				CLANG_WARN_SUSPICIOUS_MOVE = YES;
				CLANG_WARN_UNGUARDED_AVAILABILITY = YES_AGGRESSIVE;
				CLANG_WARN_UNREACHABLE_CODE = YES;
				CLANG_WARN__DUPLICATE_METHOD_MATCH = YES;
				COPY_PHASE_STRIP = NO;
				DEBUG_INFORMATION_FORMAT = "dwarf-with-dsym";
				ENABLE_NS_ASSERTIONS = NO;
				ENABLE_STRICT_OBJC_MSGSEND = YES;
				GCC_C_LANGUAGE_STANDARD = gnu11;
				GCC_NO_COMMON_BLOCKS = YES;
				GCC_WARN_64_TO_32_BIT_CONVERSION = YES;
				GCC_WARN_ABOUT_RETURN_TYPE = YES_ERROR;
				GCC_WARN_UNDECLARED_SELECTOR = YES;
				GCC_WARN_UNINITIALIZED_AUTOS = YES_AGGRESSIVE;
				GCC_WARN_UNUSED_FUNCTION = YES;
				GCC_WARN_UNUSED_VARIABLE = YES;
				IPHONEOS_DEPLOYMENT_TARGET = 13.2;
				MTL_ENABLE_DEBUG_INFO = NO;
				MTL_FAST_MATH = YES;
				SDKROOT = iphoneos;
				SWIFT_COMPILATION_MODE = wholemodule;
				SWIFT_OPTIMIZATION_LEVEL = "-O";
				VALIDATE_PRODUCT = YES;
			};
			name = Release;
		};
		FBEEE7B323FF40EB0001678D /* Debug */ = {
			isa = XCBuildConfiguration;
			buildSettings = {
				ASSETCATALOG_COMPILER_APPICON_NAME = AppIcon;
				CODE_SIGN_STYLE = Automatic;
				INFOPLIST_FILE = layouts_a01570056/Info.plist;
				LD_RUNPATH_SEARCH_PATHS = (
					"$(inherited)",
					"@executable_path/Frameworks",
				);
				PRODUCT_BUNDLE_IDENTIFIER = "ITESM.layouts-a01570056";
				PRODUCT_NAME = "$(TARGET_NAME)";
				SWIFT_VERSION = 5.0;
				TARGETED_DEVICE_FAMILY = "1,2";
			};
			name = Debug;
		};
		FBEEE7B423FF40EB0001678D /* Release */ = {
			isa = XCBuildConfiguration;
			buildSettings = {
				ASSETCATALOG_COMPILER_APPICON_NAME = AppIcon;
				CODE_SIGN_STYLE = Automatic;
				INFOPLIST_FILE = layouts_a01570056/Info.plist;
				LD_RUNPATH_SEARCH_PATHS = (
					"$(inherited)",
					"@executable_path/Frameworks",
				);
				PRODUCT_BUNDLE_IDENTIFIER = "ITESM.layouts-a01570056";
				PRODUCT_NAME = "$(TARGET_NAME)";
				SWIFT_VERSION = 5.0;
				TARGETED_DEVICE_FAMILY = "1,2";
			};
			name = Release;
		};
/* End XCBuildConfiguration section */

/* Begin XCConfigurationList section */
		FBEEE79923FF40E90001678D /* Build configuration list for PBXProject "layouts_a01570056" */ = {
			isa = XCConfigurationList;
			buildConfigurations = (
				FBEEE7B023FF40EB0001678D /* Debug */,
				FBEEE7B123FF40EB0001678D /* Release */,
			);
			defaultConfigurationIsVisible = 0;
			defaultConfigurationName = Release;
		};
		FBEEE7B223FF40EB0001678D /* Build configuration list for PBXNativeTarget "layouts_a01570056" */ = {
			isa = XCConfigurationList;
			buildConfigurations = (
				FBEEE7B323FF40EB0001678D /* Debug */,
				FBEEE7B423FF40EB0001678D /* Release */,
			);
			defaultConfigurationIsVisible = 0;
			defaultConfigurationName = Release;
		};
/* End XCConfigurationList section */
	};
	rootObject = FBEEE79623FF40E90001678D /* Project object */;
}
