// !$*UTF8*$!
{
	archiveVersion = 1;
	classes = {
	};
	objectVersion = 50;
	objects = {

/* Begin PBXBuildFile section */
		FBC53993240DBCCF00166810 /* AppDelegate.swift in Sources */ = {isa = PBXBuildFile; fileRef = FBC53992240DBCCF00166810 /* AppDelegate.swift */; };
		FBC53995240DBCCF00166810 /* SceneDelegate.swift in Sources */ = {isa = PBXBuildFile; fileRef = FBC53994240DBCCF00166810 /* SceneDelegate.swift */; };
		FBC53997240DBCCF00166810 /* ViewController.swift in Sources */ = {isa = PBXBuildFile; fileRef = FBC53996240DBCCF00166810 /* ViewController.swift */; };
		FBC5399A240DBCCF00166810 /* Main.storyboard in Resources */ = {isa = PBXBuildFile; fileRef = FBC53998240DBCCF00166810 /* Main.storyboard */; };
		FBC5399C240DBCD000166810 /* Assets.xcassets in Resources */ = {isa = PBXBuildFile; fileRef = FBC5399B240DBCD000166810 /* Assets.xcassets */; };
		FBC5399F240DBCD000166810 /* LaunchScreen.storyboard in Resources */ = {isa = PBXBuildFile; fileRef = FBC5399D240DBCD000166810 /* LaunchScreen.storyboard */; };
		FBC539A7240DC42C00166810 /* ViewControllerDetalle.swift in Sources */ = {isa = PBXBuildFile; fileRef = FBC539A6240DC42C00166810 /* ViewControllerDetalle.swift */; };
/* End PBXBuildFile section */

/* Begin PBXFileReference section */
		FBC5398F240DBCCF00166810 /* tableView_a01570056.app */ = {isa = PBXFileReference; explicitFileType = wrapper.application; includeInIndex = 0; path = tableView_a01570056.app; sourceTree = BUILT_PRODUCTS_DIR; };
		FBC53992240DBCCF00166810 /* AppDelegate.swift */ = {isa = PBXFileReference; lastKnownFileType = sourcecode.swift; path = AppDelegate.swift; sourceTree = "<group>"; };
		FBC53994240DBCCF00166810 /* SceneDelegate.swift */ = {isa = PBXFileReference; lastKnownFileType = sourcecode.swift; path = SceneDelegate.swift; sourceTree = "<group>"; };
		FBC53996240DBCCF00166810 /* ViewController.swift */ = {isa = PBXFileReference; lastKnownFileType = sourcecode.swift; path = ViewController.swift; sourceTree = "<group>"; };
		FBC53999240DBCCF00166810 /* Base */ = {isa = PBXFileReference; lastKnownFileType = file.storyboard; name = Base; path = Base.lproj/Main.storyboard; sourceTree = "<group>"; };
		FBC5399B240DBCD000166810 /* Assets.xcassets */ = {isa = PBXFileReference; lastKnownFileType = folder.assetcatalog; path = Assets.xcassets; sourceTree = "<group>"; };
		FBC5399E240DBCD000166810 /* Base */ = {isa = PBXFileReference; lastKnownFileType = file.storyboard; name = Base; path = Base.lproj/LaunchScreen.storyboard; sourceTree = "<group>"; };
		FBC539A0240DBCD000166810 /* Info.plist */ = {isa = PBXFileReference; lastKnownFileType = text.plist.xml; path = Info.plist; sourceTree = "<group>"; };
		FBC539A6240DC42C00166810 /* ViewControllerDetalle.swift */ = {isa = PBXFileReference; lastKnownFileType = sourcecode.swift; path = ViewControllerDetalle.swift; sourceTree = "<group>"; };
/* End PBXFileReference section */

/* Begin PBXFrameworksBuildPhase section */
		FBC5398C240DBCCF00166810 /* Frameworks */ = {
			isa = PBXFrameworksBuildPhase;
			buildActionMask = 2147483647;
			files = (
			);
			runOnlyForDeploymentPostprocessing = 0;
		};
/* End PBXFrameworksBuildPhase section */

/* Begin PBXGroup section */
		FBC53986240DBCCF00166810 = {
			isa = PBXGroup;
			children = (
				FBC53991240DBCCF00166810 /* tableView_a01570056 */,
				FBC53990240DBCCF00166810 /* Products */,
			);
			sourceTree = "<group>";
		};
		FBC53990240DBCCF00166810 /* Products */ = {
			isa = PBXGroup;
			children = (
				FBC5398F240DBCCF00166810 /* tableView_a01570056.app */,
			);
			name = Products;
			sourceTree = "<group>";
		};
		FBC53991240DBCCF00166810 /* tableView_a01570056 */ = {
			isa = PBXGroup;
			children = (
				FBC53992240DBCCF00166810 /* AppDelegate.swift */,
				FBC53994240DBCCF00166810 /* SceneDelegate.swift */,
				FBC53996240DBCCF00166810 /* ViewController.swift */,
				FBC53998240DBCCF00166810 /* Main.storyboard */,
				FBC539A6240DC42C00166810 /* ViewControllerDetalle.swift */,
				FBC5399B240DBCD000166810 /* Assets.xcassets */,
				FBC5399D240DBCD000166810 /* LaunchScreen.storyboard */,
				FBC539A0240DBCD000166810 /* Info.plist */,
			);
			path = tableView_a01570056;
			sourceTree = "<group>";
		};
/* End PBXGroup section */

/* Begin PBXNativeTarget section */
		FBC5398E240DBCCF00166810 /* tableView_a01570056 */ = {
			isa = PBXNativeTarget;
			buildConfigurationList = FBC539A3240DBCD000166810 /* Build configuration list for PBXNativeTarget "tableView_a01570056" */;
			buildPhases = (
				FBC5398B240DBCCF00166810 /* Sources */,
				FBC5398C240DBCCF00166810 /* Frameworks */,
				FBC5398D240DBCCF00166810 /* Resources */,
			);
			buildRules = (
			);
			dependencies = (
			);
			name = tableView_a01570056;
			productName = tableView_a01570056;
			productReference = FBC5398F240DBCCF00166810 /* tableView_a01570056.app */;
			productType = "com.apple.product-type.application";
		};
/* End PBXNativeTarget section */

/* Begin PBXProject section */
		FBC53987240DBCCF00166810 /* Project object */ = {
			isa = PBXProject;
			attributes = {
				LastSwiftUpdateCheck = 1130;
				LastUpgradeCheck = 1130;
				ORGANIZATIONNAME = com.itesm;
				TargetAttributes = {
					FBC5398E240DBCCF00166810 = {
						CreatedOnToolsVersion = 11.3.1;
					};
				};
			};
			buildConfigurationList = FBC5398A240DBCCF00166810 /* Build configuration list for PBXProject "tableView_a01570056" */;
			compatibilityVersion = "Xcode 9.3";
			developmentRegion = en;
			hasScannedForEncodings = 0;
			knownRegions = (
				en,
				Base,
			);
			mainGroup = FBC53986240DBCCF00166810;
			productRefGroup = FBC53990240DBCCF00166810 /* Products */;
			projectDirPath = "";
			projectRoot = "";
			targets = (
				FBC5398E240DBCCF00166810 /* tableView_a01570056 */,
			);
		};
/* End PBXProject section */

/* Begin PBXResourcesBuildPhase section */
		FBC5398D240DBCCF00166810 /* Resources */ = {
			isa = PBXResourcesBuildPhase;
			buildActionMask = 2147483647;
			files = (
				FBC5399F240DBCD000166810 /* LaunchScreen.storyboard in Resources */,
				FBC5399C240DBCD000166810 /* Assets.xcassets in Resources */,
				FBC5399A240DBCCF00166810 /* Main.storyboard in Resources */,
			);
			runOnlyForDeploymentPostprocessing = 0;
		};
/* End PBXResourcesBuildPhase section */

/* Begin PBXSourcesBuildPhase section */
		FBC5398B240DBCCF00166810 /* Sources */ = {
			isa = PBXSourcesBuildPhase;
			buildActionMask = 2147483647;
			files = (
				FBC539A7240DC42C00166810 /* ViewControllerDetalle.swift in Sources */,
				FBC53997240DBCCF00166810 /* ViewController.swift in Sources */,
				FBC53993240DBCCF00166810 /* AppDelegate.swift in Sources */,
				FBC53995240DBCCF00166810 /* SceneDelegate.swift in Sources */,
			);
			runOnlyForDeploymentPostprocessing = 0;
		};
/* End PBXSourcesBuildPhase section */

/* Begin PBXVariantGroup section */
		FBC53998240DBCCF00166810 /* Main.storyboard */ = {
			isa = PBXVariantGroup;
			children = (
				FBC53999240DBCCF00166810 /* Base */,
			);
			name = Main.storyboard;
			sourceTree = "<group>";
		};
		FBC5399D240DBCD000166810 /* LaunchScreen.storyboard */ = {
			isa = PBXVariantGroup;
			children = (
				FBC5399E240DBCD000166810 /* Base */,
			);
			name = LaunchScreen.storyboard;
			sourceTree = "<group>";
		};
/* End PBXVariantGroup section */

/* Begin XCBuildConfiguration section */
		FBC539A1240DBCD000166810 /* Debug */ = {
			isa = XCBuildConfiguration;
			buildSettings = {
				ALWAYS_SEARCH_USER_PATHS = NO;
				CLANG_ANALYZER_NONNULL = YES;
				CLANG_ANALYZER_NUMBER_OBJECT_CONVERSION = YES_AGGRESSIVE;
				CLANG_CXX_LANGUAGE_STANDARD = "gnu++14";
				CLANG_CXX_LIBRARY = "libc++";
				CLANG_ENABLE_MODULES = YES;
				CLANG_ENABLE_OBJC_ARC = YES;
				CLANG_ENABLE_OBJC_WEAK = YES;
				CLANG_WARN_BLOCK_CAPTURE_AUTORELEASING = YES;
				CLANG_WARN_BOOL_CONVERSION = YES;
				CLANG_WARN_COMMA = YES;
				CLANG_WARN_CONSTANT_CONVERSION = YES;
				CLANG_WARN_DEPRECATED_OBJC_IMPLEMENTATIONS = YES;
				CLANG_WARN_DIRECT_OBJC_ISA_USAGE = YES_ERROR;
				CLANG_WARN_DOCUMENTATION_COMMENTS = YES;
				CLANG_WARN_EMPTY_BODY = YES;
				CLANG_WARN_ENUM_CONVERSION = YES;
				CLANG_WARN_INFINITE_RECURSION = YES;
				CLANG_WARN_INT_CONVERSION = YES;
				CLANG_WARN_NON_LITERAL_NULL_CONVERSION = YES;
				CLANG_WARN_OBJC_IMPLICIT_RETAIN_SELF = YES;
				CLANG_WARN_OBJC_LITERAL_CONVERSION = YES;
				CLANG_WARN_OBJC_ROOT_CLASS = YES_ERROR;
				CLANG_WARN_RANGE_LOOP_ANALYSIS = YES;
				CLANG_WARN_STRICT_PROTOTYPES = YES;
				CLANG_WARN_SUSPICIOUS_MOVE = YES;
				CLANG_WARN_UNGUARDED_AVAILABILITY = YES_AGGRESSIVE;
				CLANG_WARN_UNREACHABLE_CODE = YES;
				CLANG_WARN__DUPLICATE_METHOD_MATCH = YES;
				COPY_PHASE_STRIP = NO;
				DEBUG_INFORMATION_FORMAT = dwarf;
				ENABLE_STRICT_OBJC_MSGSEND = YES;
				ENABLE_TESTABILITY = YES;
				GCC_C_LANGUAGE_STANDARD = gnu11;
				GCC_DYNAMIC_NO_PIC = NO;
				GCC_NO_COMMON_BLOCKS = YES;
				GCC_OPTIMIZATION_LEVEL = 0;
				GCC_PREPROCESSOR_DEFINITIONS = (
					"DEBUG=1",
					"$(inherited)",
				);
				GCC_WARN_64_TO_32_BIT_CONVERSION = YES;
				GCC_WARN_ABOUT_RETURN_TYPE = YES_ERROR;
				GCC_WARN_UNDECLARED_SELECTOR = YES;
				GCC_WARN_UNINITIALIZED_AUTOS = YES_AGGRESSIVE;
				GCC_WARN_UNUSED_FUNCTION = YES;
				GCC_WARN_UNUSED_VARIABLE = YES;
				IPHONEOS_DEPLOYMENT_TARGET = 13.2;
				MTL_ENABLE_DEBUG_INFO = INCLUDE_SOURCE;
				MTL_FAST_MATH = YES;
				ONLY_ACTIVE_ARCH = YES;
				SDKROOT = iphoneos;
				SWIFT_ACTIVE_COMPILATION_CONDITIONS = DEBUG;
				SWIFT_OPTIMIZATION_LEVEL = "-Onone";
			};
			name = Debug;
		};
		FBC539A2240DBCD000166810 /* Release */ = {
			isa = XCBuildConfiguration;
			buildSettings = {
				ALWAYS_SEARCH_USER_PATHS = NO;
				CLANG_ANALYZER_NONNULL = YES;
				CLANG_ANALYZER_NUMBER_OBJECT_CONVERSION = YES_AGGRESSIVE;
				CLANG_CXX_LANGUAGE_STANDARD = "gnu++14";
				CLANG_CXX_LIBRARY = "libc++";
				CLANG_ENABLE_MODULES = YES;
				CLANG_ENABLE_OBJC_ARC = YES;
				CLANG_ENABLE_OBJC_WEAK = YES;
				CLANG_WARN_BLOCK_CAPTURE_AUTORELEASING = YES;
				CLANG_WARN_BOOL_CONVERSION = YES;
				CLANG_WARN_COMMA = YES;
				CLANG_WARN_CONSTANT_CONVERSION = YES;
				CLANG_WARN_DEPRECATED_OBJC_IMPLEMENTATIONS = YES;
				CLANG_WARN_DIRECT_OBJC_ISA_USAGE = YES_ERROR;
				CLANG_WARN_DOCUMENTATION_COMMENTS = YES;
				CLANG_WARN_EMPTY_BODY = YES;
				CLANG_WARN_ENUM_CONVERSION = YES;
				CLANG_WARN_INFINITE_RECURSION = YES;
				CLANG_WARN_INT_CONVERSION = YES;
				CLANG_WARN_NON_LITERAL_NULL_CONVERSION = YES;
				CLANG_WARN_OBJC_IMPLICIT_RETAIN_SELF = YES;
				CLANG_WARN_OBJC_LITERAL_CONVERSION = YES;
				CLANG_WARN_OBJC_ROOT_CLASS = YES_ERROR;
				CLANG_WARN_RANGE_LOOP_ANALYSIS = YES;
				CLANG_WARN_STRICT_PROTOTYPES = YES;
				CLANG_WARN_SUSPICIOUS_MOVE = YES;
				CLANG_WARN_UNGUARDED_AVAILABILITY = YES_AGGRESSIVE;
				CLANG_WARN_UNREACHABLE_CODE = YES;
				CLANG_WARN__DUPLICATE_METHOD_MATCH = YES;
				COPY_PHASE_STRIP = NO;
				DEBUG_INFORMATION_FORMAT = "dwarf-with-dsym";
				ENABLE_NS_ASSERTIONS = NO;
				ENABLE_STRICT_OBJC_MSGSEND = YES;
				GCC_C_LANGUAGE_STANDARD = gnu11;
				GCC_NO_COMMON_BLOCKS = YES;
				GCC_WARN_64_TO_32_BIT_CONVERSION = YES;
				GCC_WARN_ABOUT_RETURN_TYPE = YES_ERROR;
				GCC_WARN_UNDECLARED_SELECTOR = YES;
				GCC_WARN_UNINITIALIZED_AUTOS = YES_AGGRESSIVE;
				GCC_WARN_UNUSED_FUNCTION = YES;
				GCC_WARN_UNUSED_VARIABLE = YES;
				IPHONEOS_DEPLOYMENT_TARGET = 13.2;
				MTL_ENABLE_DEBUG_INFO = NO;
				MTL_FAST_MATH = YES;
				SDKROOT = iphoneos;
				SWIFT_COMPILATION_MODE = wholemodule;
				SWIFT_OPTIMIZATION_LEVEL = "-O";
				VALIDATE_PRODUCT = YES;
			};
			name = Release;
		};
		FBC539A4240DBCD000166810 /* Debug */ = {
			isa = XCBuildConfiguration;
			buildSettings = {
				ASSETCATALOG_COMPILER_APPICON_NAME = AppIcon;
				CODE_SIGN_STYLE = Automatic;
				INFOPLIST_FILE = tableView_a01570056/Info.plist;
				LD_RUNPATH_SEARCH_PATHS = (
					"$(inherited)",
					"@executable_path/Frameworks",
				);
				PRODUCT_BUNDLE_IDENTIFIER = "ITESM.tableView-a01570056";
				PRODUCT_NAME = "$(TARGET_NAME)";
				SWIFT_VERSION = 5.0;
				TARGETED_DEVICE_FAMILY = "1,2";
			};
			name = Debug;
		};
		FBC539A5240DBCD000166810 /* Release */ = {
			isa = XCBuildConfiguration;
			buildSettings = {
				ASSETCATALOG_COMPILER_APPICON_NAME = AppIcon;
				CODE_SIGN_STYLE = Automatic;
				INFOPLIST_FILE = tableView_a01570056/Info.plist;
				LD_RUNPATH_SEARCH_PATHS = (
					"$(inherited)",
					"@executable_path/Frameworks",
				);
				PRODUCT_BUNDLE_IDENTIFIER = "ITESM.tableView-a01570056";
				PRODUCT_NAME = "$(TARGET_NAME)";
				SWIFT_VERSION = 5.0;
				TARGETED_DEVICE_FAMILY = "1,2";
			};
			name = Release;
		};
/* End XCBuildConfiguration section */

/* Begin XCConfigurationList section */
		FBC5398A240DBCCF00166810 /* Build configuration list for PBXProject "tableView_a01570056" */ = {
			isa = XCConfigurationList;
			buildConfigurations = (
				FBC539A1240DBCD000166810 /* Debug */,
				FBC539A2240DBCD000166810 /* Release */,
			);
			defaultConfigurationIsVisible = 0;
			defaultConfigurationName = Release;
		};
		FBC539A3240DBCD000166810 /* Build configuration list for PBXNativeTarget "tableView_a01570056" */ = {
			isa = XCConfigurationList;
			buildConfigurations = (
				FBC539A4240DBCD000166810 /* Debug */,
				FBC539A5240DBCD000166810 /* Release */,
			);
			defaultConfigurationIsVisible = 0;
			defaultConfigurationName = Release;
		};
/* End XCConfigurationList section */
	};
	rootObject = FBC53987240DBCCF00166810 /* Project object */;
}
