// !$*UTF8*$!
{
	archiveVersion = 1;
	classes = {
	};
	objectVersion = 50;
	objects = {

/* Begin PBXBuildFile section */
		370CB74E242EE74400E3D2DC /* AppDelegate.swift in Sources */ = {isa = PBXBuildFile; fileRef = 370CB74D242EE74400E3D2DC /* AppDelegate.swift */; };
		370CB750242EE74400E3D2DC /* SceneDelegate.swift in Sources */ = {isa = PBXBuildFile; fileRef = 370CB74F242EE74400E3D2DC /* SceneDelegate.swift */; };
		370CB752242EE74400E3D2DC /* ViewController.swift in Sources */ = {isa = PBXBuildFile; fileRef = 370CB751242EE74400E3D2DC /* ViewController.swift */; };
		370CB755242EE74400E3D2DC /* Main.storyboard in Resources */ = {isa = PBXBuildFile; fileRef = 370CB753242EE74400E3D2DC /* Main.storyboard */; };
		370CB757242EE74800E3D2DC /* Assets.xcassets in Resources */ = {isa = PBXBuildFile; fileRef = 370CB756242EE74800E3D2DC /* Assets.xcassets */; };
		370CB75A242EE74800E3D2DC /* LaunchScreen.storyboard in Resources */ = {isa = PBXBuildFile; fileRef = 370CB758242EE74800E3D2DC /* LaunchScreen.storyboard */; };
/* End PBXBuildFile section */

/* Begin PBXFileReference section */
		370CB74A242EE74400E3D2DC /* slotMachine_a01570056.app */ = {isa = PBXFileReference; explicitFileType = wrapper.application; includeInIndex = 0; path = slotMachine_a01570056.app; sourceTree = BUILT_PRODUCTS_DIR; };
		370CB74D242EE74400E3D2DC /* AppDelegate.swift */ = {isa = PBXFileReference; lastKnownFileType = sourcecode.swift; path = AppDelegate.swift; sourceTree = "<group>"; };
		370CB74F242EE74400E3D2DC /* SceneDelegate.swift */ = {isa = PBXFileReference; lastKnownFileType = sourcecode.swift; path = SceneDelegate.swift; sourceTree = "<group>"; };
		370CB751242EE74400E3D2DC /* ViewController.swift */ = {isa = PBXFileReference; lastKnownFileType = sourcecode.swift; path = ViewController.swift; sourceTree = "<group>"; };
		370CB754242EE74400E3D2DC /* Base */ = {isa = PBXFileReference; lastKnownFileType = file.storyboard; name = Base; path = Base.lproj/Main.storyboard; sourceTree = "<group>"; };
		370CB756242EE74800E3D2DC /* Assets.xcassets */ = {isa = PBXFileReference; lastKnownFileType = folder.assetcatalog; path = Assets.xcassets; sourceTree = "<group>"; };
		370CB759242EE74800E3D2DC /* Base */ = {isa = PBXFileReference; lastKnownFileType = file.storyboard; name = Base; path = Base.lproj/LaunchScreen.storyboard; sourceTree = "<group>"; };
		370CB75B242EE74800E3D2DC /* Info.plist */ = {isa = PBXFileReference; lastKnownFileType = text.plist.xml; path = Info.plist; sourceTree = "<group>"; };
/* End PBXFileReference section */

/* Begin PBXFrameworksBuildPhase section */
		370CB747242EE74400E3D2DC /* Frameworks */ = {
			isa = PBXFrameworksBuildPhase;
			buildActionMask = 2147483647;
			files = (
			);
			runOnlyForDeploymentPostprocessing = 0;
		};
/* End PBXFrameworksBuildPhase section */

/* Begin PBXGroup section */
		370CB741242EE74400E3D2DC = {
			isa = PBXGroup;
			children = (
				370CB74C242EE74400E3D2DC /* slotMachine_a01570056 */,
				370CB74B242EE74400E3D2DC /* Products */,
			);
			sourceTree = "<group>";
		};
		370CB74B242EE74400E3D2DC /* Products */ = {
			isa = PBXGroup;
			children = (
				370CB74A242EE74400E3D2DC /* slotMachine_a01570056.app */,
			);
			name = Products;
			sourceTree = "<group>";
		};
		370CB74C242EE74400E3D2DC /* slotMachine_a01570056 */ = {
			isa = PBXGroup;
			children = (
				370CB74D242EE74400E3D2DC /* AppDelegate.swift */,
				370CB74F242EE74400E3D2DC /* SceneDelegate.swift */,
				370CB751242EE74400E3D2DC /* ViewController.swift */,
				370CB753242EE74400E3D2DC /* Main.storyboard */,
				370CB756242EE74800E3D2DC /* Assets.xcassets */,
				370CB758242EE74800E3D2DC /* LaunchScreen.storyboard */,
				370CB75B242EE74800E3D2DC /* Info.plist */,
			);
			path = slotMachine_a01570056;
			sourceTree = "<group>";
		};
/* End PBXGroup section */

/* Begin PBXNativeTarget section */
		370CB749242EE74400E3D2DC /* slotMachine_a01570056 */ = {
			isa = PBXNativeTarget;
			buildConfigurationList = 370CB75E242EE74800E3D2DC /* Build configuration list for PBXNativeTarget "slotMachine_a01570056" */;
			buildPhases = (
				370CB746242EE74400E3D2DC /* Sources */,
				370CB747242EE74400E3D2DC /* Frameworks */,
				370CB748242EE74400E3D2DC /* Resources */,
			);
			buildRules = (
			);
			dependencies = (
			);
			name = slotMachine_a01570056;
			productName = slotMachine_a01570056;
			productReference = 370CB74A242EE74400E3D2DC /* slotMachine_a01570056.app */;
			productType = "com.apple.product-type.application";
		};
/* End PBXNativeTarget section */

/* Begin PBXProject section */
		370CB742242EE74400E3D2DC /* Project object */ = {
			isa = PBXProject;
			attributes = {
				LastSwiftUpdateCheck = 1130;
				LastUpgradeCheck = 1130;
				ORGANIZATIONNAME = Trinity;
				TargetAttributes = {
					370CB749242EE74400E3D2DC = {
						CreatedOnToolsVersion = 11.3.1;
					};
				};
			};
			buildConfigurationList = 370CB745242EE74400E3D2DC /* Build configuration list for PBXProject "slotMachine_a01570056" */;
			compatibilityVersion = "Xcode 9.3";
			developmentRegion = en;
			hasScannedForEncodings = 0;
			knownRegions = (
				en,
				Base,
			);
			mainGroup = 370CB741242EE74400E3D2DC;
			productRefGroup = 370CB74B242EE74400E3D2DC /* Products */;
			projectDirPath = "";
			projectRoot = "";
			targets = (
				370CB749242EE74400E3D2DC /* slotMachine_a01570056 */,
			);
		};
/* End PBXProject section */

/* Begin PBXResourcesBuildPhase section */
		370CB748242EE74400E3D2DC /* Resources */ = {
			isa = PBXResourcesBuildPhase;
			buildActionMask = 2147483647;
			files = (
				370CB75A242EE74800E3D2DC /* LaunchScreen.storyboard in Resources */,
				370CB757242EE74800E3D2DC /* Assets.xcassets in Resources */,
				370CB755242EE74400E3D2DC /* Main.storyboard in Resources */,
			);
			runOnlyForDeploymentPostprocessing = 0;
		};
/* End PBXResourcesBuildPhase section */

/* Begin PBXSourcesBuildPhase section */
		370CB746242EE74400E3D2DC /* Sources */ = {
			isa = PBXSourcesBuildPhase;
			buildActionMask = 2147483647;
			files = (
				370CB752242EE74400E3D2DC /* ViewController.swift in Sources */,
				370CB74E242EE74400E3D2DC /* AppDelegate.swift in Sources */,
				370CB750242EE74400E3D2DC /* SceneDelegate.swift in Sources */,
			);
			runOnlyForDeploymentPostprocessing = 0;
		};
/* End PBXSourcesBuildPhase section */

/* Begin PBXVariantGroup section */
		370CB753242EE74400E3D2DC /* Main.storyboard */ = {
			isa = PBXVariantGroup;
			children = (
				370CB754242EE74400E3D2DC /* Base */,
			);
			name = Main.storyboard;
			sourceTree = "<group>";
		};
		370CB758242EE74800E3D2DC /* LaunchScreen.storyboard */ = {
			isa = PBXVariantGroup;
			children = (
				370CB759242EE74800E3D2DC /* Base */,
			);
			name = LaunchScreen.storyboard;
			sourceTree = "<group>";
		};
/* End PBXVariantGroup section */

/* Begin XCBuildConfiguration section */
		370CB75C242EE74800E3D2DC /* Debug */ = {
			isa = XCBuildConfiguration;
			buildSettings = {
				ALWAYS_SEARCH_USER_PATHS = NO;
				CLANG_ANALYZER_NONNULL = YES;
				CLANG_ANALYZER_NUMBER_OBJECT_CONVERSION = YES_AGGRESSIVE;
				CLANG_CXX_LANGUAGE_STANDARD = "gnu++14";
				CLANG_CXX_LIBRARY = "libc++";
				CLANG_ENABLE_MODULES = YES;
				CLANG_ENABLE_OBJC_ARC = YES;
				CLANG_ENABLE_OBJC_WEAK = YES;
				CLANG_WARN_BLOCK_CAPTURE_AUTORELEASING = YES;
				CLANG_WARN_BOOL_CONVERSION = YES;
				CLANG_WARN_COMMA = YES;
				CLANG_WARN_CONSTANT_CONVERSION = YES;
				CLANG_WARN_DEPRECATED_OBJC_IMPLEMENTATIONS = YES;
				CLANG_WARN_DIRECT_OBJC_ISA_USAGE = YES_ERROR;
				CLANG_WARN_DOCUMENTATION_COMMENTS = YES;
				CLANG_WARN_EMPTY_BODY = YES;
				CLANG_WARN_ENUM_CONVERSION = YES;
				CLANG_WARN_INFINITE_RECURSION = YES;
				CLANG_WARN_INT_CONVERSION = YES;
				CLANG_WARN_NON_LITERAL_NULL_CONVERSION = YES;
				CLANG_WARN_OBJC_IMPLICIT_RETAIN_SELF = YES;
				CLANG_WARN_OBJC_LITERAL_CONVERSION = YES;
				CLANG_WARN_OBJC_ROOT_CLASS = YES_ERROR;
				CLANG_WARN_RANGE_LOOP_ANALYSIS = YES;
				CLANG_WARN_STRICT_PROTOTYPES = YES;
				CLANG_WARN_SUSPICIOUS_MOVE = YES;
				CLANG_WARN_UNGUARDED_AVAILABILITY = YES_AGGRESSIVE;
				CLANG_WARN_UNREACHABLE_CODE = YES;
				CLANG_WARN__DUPLICATE_METHOD_MATCH = YES;
				COPY_PHASE_STRIP = NO;
				DEBUG_INFORMATION_FORMAT = dwarf;
				ENABLE_STRICT_OBJC_MSGSEND = YES;
				ENABLE_TESTABILITY = YES;
				GCC_C_LANGUAGE_STANDARD = gnu11;
				GCC_DYNAMIC_NO_PIC = NO;
				GCC_NO_COMMON_BLOCKS = YES;
				GCC_OPTIMIZATION_LEVEL = 0;
				GCC_PREPROCESSOR_DEFINITIONS = (
					"DEBUG=1",
					"$(inherited)",
				);
				GCC_WARN_64_TO_32_BIT_CONVERSION = YES;
				GCC_WARN_ABOUT_RETURN_TYPE = YES_ERROR;
				GCC_WARN_UNDECLARED_SELECTOR = YES;
				GCC_WARN_UNINITIALIZED_AUTOS = YES_AGGRESSIVE;
				GCC_WARN_UNUSED_FUNCTION = YES;
				GCC_WARN_UNUSED_VARIABLE = YES;
				IPHONEOS_DEPLOYMENT_TARGET = 13.2;
				MTL_ENABLE_DEBUG_INFO = INCLUDE_SOURCE;
				MTL_FAST_MATH = YES;
				ONLY_ACTIVE_ARCH = YES;
				SDKROOT = iphoneos;
				SWIFT_ACTIVE_COMPILATION_CONDITIONS = DEBUG;
				SWIFT_OPTIMIZATION_LEVEL = "-Onone";
			};
			name = Debug;
		};
		370CB75D242EE74800E3D2DC /* Release */ = {
			isa = XCBuildConfiguration;
			buildSettings = {
				ALWAYS_SEARCH_USER_PATHS = NO;
				CLANG_ANALYZER_NONNULL = YES;
				CLANG_ANALYZER_NUMBER_OBJECT_CONVERSION = YES_AGGRESSIVE;
				CLANG_CXX_LANGUAGE_STANDARD = "gnu++14";
				CLANG_CXX_LIBRARY = "libc++";
				CLANG_ENABLE_MODULES = YES;
				CLANG_ENABLE_OBJC_ARC = YES;
				CLANG_ENABLE_OBJC_WEAK = YES;
				CLANG_WARN_BLOCK_CAPTURE_AUTORELEASING = YES;
				CLANG_WARN_BOOL_CONVERSION = YES;
				CLANG_WARN_COMMA = YES;
				CLANG_WARN_CONSTANT_CONVERSION = YES;
				CLANG_WARN_DEPRECATED_OBJC_IMPLEMENTATIONS = YES;
				CLANG_WARN_DIRECT_OBJC_ISA_USAGE = YES_ERROR;
				CLANG_WARN_DOCUMENTATION_COMMENTS = YES;
				CLANG_WARN_EMPTY_BODY = YES;
				CLANG_WARN_ENUM_CONVERSION = YES;
				CLANG_WARN_INFINITE_RECURSION = YES;
				CLANG_WARN_INT_CONVERSION = YES;
				CLANG_WARN_NON_LITERAL_NULL_CONVERSION = YES;
				CLANG_WARN_OBJC_IMPLICIT_RETAIN_SELF = YES;
				CLANG_WARN_OBJC_LITERAL_CONVERSION = YES;
				CLANG_WARN_OBJC_ROOT_CLASS = YES_ERROR;
				CLANG_WARN_RANGE_LOOP_ANALYSIS = YES;
				CLANG_WARN_STRICT_PROTOTYPES = YES;
				CLANG_WARN_SUSPICIOUS_MOVE = YES;
				CLANG_WARN_UNGUARDED_AVAILABILITY = YES_AGGRESSIVE;
				CLANG_WARN_UNREACHABLE_CODE = YES;
				CLANG_WARN__DUPLICATE_METHOD_MATCH = YES;
				COPY_PHASE_STRIP = NO;
				DEBUG_INFORMATION_FORMAT = "dwarf-with-dsym";
				ENABLE_NS_ASSERTIONS = NO;
				ENABLE_STRICT_OBJC_MSGSEND = YES;
				GCC_C_LANGUAGE_STANDARD = gnu11;
				GCC_NO_COMMON_BLOCKS = YES;
				GCC_WARN_64_TO_32_BIT_CONVERSION = YES;
				GCC_WARN_ABOUT_RETURN_TYPE = YES_ERROR;
				GCC_WARN_UNDECLARED_SELECTOR = YES;
				GCC_WARN_UNINITIALIZED_AUTOS = YES_AGGRESSIVE;
				GCC_WARN_UNUSED_FUNCTION = YES;
				GCC_WARN_UNUSED_VARIABLE = YES;
				IPHONEOS_DEPLOYMENT_TARGET = 13.2;
				MTL_ENABLE_DEBUG_INFO = NO;
				MTL_FAST_MATH = YES;
				SDKROOT = iphoneos;
				SWIFT_COMPILATION_MODE = wholemodule;
				SWIFT_OPTIMIZATION_LEVEL = "-O";
				VALIDATE_PRODUCT = YES;
			};
			name = Release;
		};
		370CB75F242EE74800E3D2DC /* Debug */ = {
			isa = XCBuildConfiguration;
			buildSettings = {
				ASSETCATALOG_COMPILER_APPICON_NAME = AppIcon;
				CODE_SIGN_STYLE = Automatic;
				DEVELOPMENT_TEAM = 3TSDHUJW57;
				INFOPLIST_FILE = slotMachine_a01570056/Info.plist;
				LD_RUNPATH_SEARCH_PATHS = (
					"$(inherited)",
					"@executable_path/Frameworks",
				);
				PRODUCT_BUNDLE_IDENTIFIER = "yulisa.medina-a01570056.slotMachine-a01570056";
				PRODUCT_NAME = "$(TARGET_NAME)";
				SWIFT_VERSION = 5.0;
				TARGETED_DEVICE_FAMILY = "1,2";
			};
			name = Debug;
		};
		370CB760242EE74800E3D2DC /* Release */ = {
			isa = XCBuildConfiguration;
			buildSettings = {
				ASSETCATALOG_COMPILER_APPICON_NAME = AppIcon;
				CODE_SIGN_STYLE = Automatic;
				DEVELOPMENT_TEAM = 3TSDHUJW57;
				INFOPLIST_FILE = slotMachine_a01570056/Info.plist;
				LD_RUNPATH_SEARCH_PATHS = (
					"$(inherited)",
					"@executable_path/Frameworks",
				);
				PRODUCT_BUNDLE_IDENTIFIER = "yulisa.medina-a01570056.slotMachine-a01570056";
				PRODUCT_NAME = "$(TARGET_NAME)";
				SWIFT_VERSION = 5.0;
				TARGETED_DEVICE_FAMILY = "1,2";
			};
			name = Release;
		};
/* End XCBuildConfiguration section */

/* Begin XCConfigurationList section */
		370CB745242EE74400E3D2DC /* Build configuration list for PBXProject "slotMachine_a01570056" */ = {
			isa = XCConfigurationList;
			buildConfigurations = (
				370CB75C242EE74800E3D2DC /* Debug */,
				370CB75D242EE74800E3D2DC /* Release */,
			);
			defaultConfigurationIsVisible = 0;
			defaultConfigurationName = Release;
		};
		370CB75E242EE74800E3D2DC /* Build configuration list for PBXNativeTarget "slotMachine_a01570056" */ = {
			isa = XCConfigurationList;
			buildConfigurations = (
				370CB75F242EE74800E3D2DC /* Debug */,
				370CB760242EE74800E3D2DC /* Release */,
			);
			defaultConfigurationIsVisible = 0;
			defaultConfigurationName = Release;
		};
/* End XCConfigurationList section */
	};
	rootObject = 370CB742242EE74400E3D2DC /* Project object */;
}
